{
  "requires": true,
  "lockfileVersion": 1,
  "dependencies": {
    "@thanpolas/univ3prices": {
      "version": "2.0.1",
      "resolved": "https://registry.npmjs.org/@thanpolas/univ3prices/-/univ3prices-2.0.1.tgz",
      "integrity": "sha512-dg98YPp5D+zbbwdmzWudCri8NqGaQMXOu9lUpSaF5r/SqgCQaOIm/65GvwCAdR14f+0UQdC/fe5p7ZRg9LL/rg==",
      "requires": {
        "big.js": "^6.1.1",
        "decimal.js": "^10.3.1",
        "invariant": "^2.2.4",
        "jsbi": "^3.1.6",
        "toformat": "^2.0.0"
      }
    },
    "big.js": {
      "version": "6.1.1",
      "resolved": "https://registry.npmjs.org/big.js/-/big.js-6.1.1.tgz",
      "integrity": "sha512-1vObw81a8ylZO5ePrtMay0n018TcftpTA5HFKDaSuiUDBo8biRBtjIobw60OpwuvrGk+FsxKamqN4cnmj/eXdg=="
    },
    "decimal.js": {
      "version": "10.3.1",
      "resolved": "https://registry.npmjs.org/decimal.js/-/decimal.js-10.3.1.tgz",
      "integrity": "sha512-V0pfhfr8suzyPGOx3nmq4aHqabehUZn6Ch9kyFpV79TGDTWFmHqUqXdabR7QHqxzrYolF4+tVmJhUG4OURg5dQ=="
    },
    "invariant": {
      "version": "2.2.4",
      "resolved": "https://registry.npmjs.org/invariant/-/invariant-2.2.4.tgz",
      "integrity": "sha512-phJfQVBuaJM5raOpJjSfkiD6BpbCE4Ns//LaXl6wGYtUBY83nWS6Rf9tXm2e8VaK60JEjYldbPif/A2B1C2gNA==",
      "requires": {
        "loose-envify": "^1.0.0"
      }
    },
    "js-tokens": {
      "version": "4.0.0",
      "resolved": "https://registry.npmjs.org/js-tokens/-/js-tokens-4.0.0.tgz",
      "integrity": "sha512-RdJUflcE3cUzKiMqQgsCu06FPu9UdIJO0beYbPhHN4k6apgJtifcoCtT9bcxOpYBtpD2kCM6Sbzg4CausW/PKQ=="
    },
    "jsbi": {
      "version": "3.1.6",
      "resolved": "https://registry.npmjs.org/jsbi/-/jsbi-3.1.6.tgz",
      "integrity": "sha512-CGjq13y28FrBA5mAU+rsfHaVKEF9jrw3PhzZpIzTeMiPsT0XRDAS6E7QS8/ZTmFQUtl2MDJsxKQoYJzAhF7B1w=="
    },
    "loose-envify": {
      "version": "1.4.0",
      "resolved": "https://registry.npmjs.org/loose-envify/-/loose-envify-1.4.0.tgz",
      "integrity": "sha512-lyuxPGr/Wfhrlem2CL/UcnUc1zcqKAImBDzukY7Y5F/yQiNdko6+fRLevlw1HgMySw7f611UIY408EtxRSoK3Q==",
      "requires": {
        "js-tokens": "^3.0.0 || ^4.0.0"
      }
    },
    "toformat": {
      "version": "2.0.0",
      "resolved": "https://registry.npmjs.org/toformat/-/toformat-2.0.0.tgz",
      "integrity": "sha512-03SWBVop6nU8bpyZCx7SodpYznbZF5R4ljwNLBcTQzKOD9xuihRo/psX58llS1BMFhhAI08H3luot5GoXJz2pQ=="
    }
  }
}
