
Microsoft Visual Studio Solution File, Format Version 12.00
# Visual Studio Version 17
VisualStudioVersion = 17.2.32630.192
MinimumVisualStudioVersion = 10.0.40219.1
Project("{9A19103F-16F7-4668-BE54-9A1E7A4F7556}") = "Nethermind.Benchmark", "Nethermind.Benchmark\Nethermind.Benchmark.csproj", "{8B42051A-68C4-4C21-8771-6D530DEB3854}"
EndProject
Project("{9A19103F-16F7-4668-BE54-9A1E7A4F7556}") = "Nethermind.Precompiles.Benchmark", "Nethermind.Precompiles.Benchmark\Nethermind.Precompiles.Benchmark.csproj", "{5CEDB4E0-11E8-40CE-8826-C41DE21FCA8E}"
EndProject
Project("{9A19103F-16F7-4668-BE54-9A1E7A4F7556}") = "Nethermind.JsonRpc.Benchmark", "Nethermind.JsonRpc.Benchmark\Nethermind.JsonRpc.Benchmark.csproj", "{0225AD8B-B306-4869-BA74-3135C3BB56BC}"
EndProject
Project("{9A19103F-16F7-4668-BE54-9A1E7A4F7556}") = "Nethermind.Evm.Benchmark", "Nethermind.Evm.Benchmark\Nethermind.Evm.Benchmark.csproj", "{6022468F-9C0C-4951-88DB-15A9DC45AA0F}"
EndProject
Project("{9A19103F-16F7-4668-BE54-9A1E7A4F7556}") = "Nethermind.Network.Benchmark", "Nethermind.Network.Benchmark\Nethermind.Network.Benchmark.csproj", "{CF4E58A2-DB30-4088-8FDB-C6CDFD135610}"
EndProject
Project("{2150E333-8FDC-42A3-9474-1A3956D46DE8}") = "Nethermind", "Nethermind", "{57CE427C-455B-47A9-85D6-CEF379DC00F6}"
EndProject
Project("{9A19103F-16F7-4668-BE54-9A1E7A4F7556}") = "Nethermind.Facade", "Nethermind.Facade\Nethermind.Facade.csproj", "{0F53A016-3141-4384-A81F-6444AD116E39}"
EndProject
Project("{9A19103F-16F7-4668-BE54-9A1E7A4F7556}") = "Nethermind.State", "Nethermind.State\Nethermind.State.csproj", "{F627E893-B0BC-4CFC-8D39-970FD24A29F6}"
EndProject
Project("{9A19103F-16F7-4668-BE54-9A1E7A4F7556}") = "Nethermind.Core", "Nethermind.Core\Nethermind.Core.csproj", "{0C6AA010-6797-493B-BA12-1EB57B897FC6}"
EndProject
Project("{9A19103F-16F7-4668-BE54-9A1E7A4F7556}") = "Nethermind.Evm", "Nethermind.Evm\Nethermind.Evm.csproj", "{3D9BA943-91EA-4491-B118-9D0594D72AB5}"
EndProject
Project("{9A19103F-16F7-4668-BE54-9A1E7A4F7556}") = "Nethermind.Network", "Nethermind.Network\Nethermind.Network.csproj", "{FBFF0A14-3741-48D1-974E-5CF68EB1703B}"
EndProject
Project("{9A19103F-16F7-4668-BE54-9A1E7A4F7556}") = "Nethermind.Db", "Nethermind.Db\Nethermind.Db.csproj", "{CBF79DD7-8A55-4563-A439-8D6D9ABBFA8D}"
EndProject
Project("{9A19103F-16F7-4668-BE54-9A1E7A4F7556}") = "Nethermind.JsonRpc", "Nethermind.JsonRpc\Nethermind.JsonRpc.csproj", "{67C6879D-4A0F-4EB7-AB71-9E9F572CE553}"
EndProject
Project("{9A19103F-16F7-4668-BE54-9A1E7A4F7556}") = "Nethermind.Trie", "Nethermind.Trie\Nethermind.Trie.csproj", "{04D00FAC-0317-4A41-A60B-7F8D544F951B}"
EndProject
Project("{9A19103F-16F7-4668-BE54-9A1E7A4F7556}") = "Nethermind.Config", "Nethermind.Config\Nethermind.Config.csproj", "{98462192-4918-492A-AD01-D354EF60EDF4}"
EndProject
Project("{9A19103F-16F7-4668-BE54-9A1E7A4F7556}") = "Nethermind.Serialization.Rlp", "Nethermind.Serialization.Rlp\Nethermind.Serialization.Rlp.csproj", "{31E5CB97-6437-4AE6-AA8A-7C08749E8D52}"
EndProject
Project("{9A19103F-16F7-4668-BE54-9A1E7A4F7556}") = "Nethermind.Serialization.Json", "Nethermind.Serialization.Json\Nethermind.Serialization.Json.csproj", "{38949E85-406D-4558-AD0D-0D181C1881E2}"
EndProject
Project("{9A19103F-16F7-4668-BE54-9A1E7A4F7556}") = "Nethermind.Abi", "Nethermind.Abi\Nethermind.Abi.csproj", "{81AEA5F7-FC77-42F8-8162-CFC1E402D11B}"
EndProject
Project("{9A19103F-16F7-4668-BE54-9A1E7A4F7556}") = "Nethermind.Cryptography.Bls", "Nethermind.Cryptography.Bls\Nethermind.Cryptography.Bls.csproj", "{6234B75E-16E1-4972-A6C7-B6252A9A76A9}"
EndProject
Project("{9A19103F-16F7-4668-BE54-9A1E7A4F7556}") = "Nethermind.Dirichlet.Numerics", "..\Dirichlet\Nethermind.Dirichlet.Numerics\Nethermind.Dirichlet.Numerics.csproj", "{A00FEFD6-C90E-46EB-9A79-C3AB6BD58508}"
EndProject
Project("{9A19103F-16F7-4668-BE54-9A1E7A4F7556}") = "Nethermind.Crypto", "Nethermind.Crypto\Nethermind.Crypto.csproj", "{C2CE6F47-CB73-4272-AF65-E5FD6294360C}"
EndProject
Project("{9A19103F-16F7-4668-BE54-9A1E7A4F7556}") = "Nethermind.Native", "Nethermind.Native\Nethermind.Native.csproj", "{C7EE6D69-99FA-403C-BF5B-A14173771B92}"
EndProject
Project("{9A19103F-16F7-4668-BE54-9A1E7A4F7556}") = "Nethermind.Blockchain", "Nethermind.Blockchain\Nethermind.Blockchain.csproj", "{98E7871D-7894-4EF5-B515-CC35EFAA154D}"
EndProject
Project("{9A19103F-16F7-4668-BE54-9A1E7A4F7556}") = "Nethermind.Wallet", "Nethermind.Wallet\Nethermind.Wallet.csproj", "{00079614-AD8D-45D3-B628-8B14404EDFF1}"
EndProject
Project("{9A19103F-16F7-4668-BE54-9A1E7A4F7556}") = "Nethermind.Synchronization", "Nethermind.Synchronization\Nethermind.Synchronization.csproj", "{4A437D5B-0799-476D-BC92-7A9B9AC2E164}"
EndProject
Project("{9A19103F-16F7-4668-BE54-9A1E7A4F7556}") = "Nethermind.Core.Test", "Nethermind.Core.Test\Nethermind.Core.Test.csproj", "{6BDD2DF4-AD95-4A55-B9D6-761FEECE8A39}"
EndProject
Project("{9A19103F-16F7-4668-BE54-9A1E7A4F7556}") = "Nethermind.TxPool", "Nethermind.TxPool\Nethermind.TxPool.csproj", "{96D07F99-4656-4C5D-8BFF-CEDBBE00838F}"
EndProject
Project("{9A19103F-16F7-4668-BE54-9A1E7A4F7556}") = "Nethermind.Network.Test", "Nethermind.Network.Test\Nethermind.Network.Test.csproj", "{04E3BCD3-F131-4877-84B2-301BD414709F}"
EndProject
Project("{9A19103F-16F7-4668-BE54-9A1E7A4F7556}") = "Nethermind.Consensus.Ethash", "Nethermind.Consensus.Ethash\Nethermind.Consensus.Ethash.csproj", "{DDCC523C-E476-4799-824F-809AAA5D5B4E}"
EndProject
Project("{9A19103F-16F7-4668-BE54-9A1E7A4F7556}") = "Nethermind.EthStats", "Nethermind.EthStats\Nethermind.EthStats.csproj", "{E55A12C1-578E-4B4D-B679-7DF47893D0F5}"
EndProject
Project("{9A19103F-16F7-4668-BE54-9A1E7A4F7556}") = "MathGmp.Native", "..\Math.Gmp.Native\MathGmp.Native\MathGmp.Native.csproj", "{D4589F63-8AA4-4ED9-8A03-2556F697642A}"
EndProject
Project("{9A19103F-16F7-4668-BE54-9A1E7A4F7556}") = "Nethermind.Benchmark.Runner", "Nethermind.Benchmark.Runner\Nethermind.Benchmark.Runner.csproj", "{148F09BA-EA52-4FA4-A6CE-9B7D450D8561}"
EndProject
Project("{9A19103F-16F7-4668-BE54-9A1E7A4F7556}") = "Nethermind.Consensus", "Nethermind.Consensus\Nethermind.Consensus.csproj", "{DAFCDB3B-19B2-4375-A2F0-188ED2B9F6B6}"
EndProject
Project("{9A19103F-16F7-4668-BE54-9A1E7A4F7556}") = "Nethermind.Sockets", "Nethermind.Sockets\Nethermind.Sockets.csproj", "{B19240A2-C63C-407A-A1F1-D488C0F05569}"
EndProject
Project("{9A19103F-16F7-4668-BE54-9A1E7A4F7556}") = "Nethermind.Api", "Nethermind.Api\Nethermind.Api.csproj", "{EDE3865A-BA7E-4F65-8146-DE15BC5786F5}"
EndProject
Project("{9A19103F-16F7-4668-BE54-9A1E7A4F7556}") = "Nethermind.EthereumTests.Benchmark", "Nethermind.EthereumTests.Benchmark\Nethermind.EthereumTests.Benchmark.csproj", "{217D4CAB-8C87-412A-8B6C-3B9BA86186E7}"
EndProject
Project("{9A19103F-16F7-4668-BE54-9A1E7A4F7556}") = "Ethereum.Test.Base", "Ethereum.Test.Base\Ethereum.Test.Base.csproj", "{0E4CC781-C5EB-46F6-89DA-6413CDDDEED4}"
EndProject
Project("{9A19103F-16F7-4668-BE54-9A1E7A4F7556}") = "Nethermind.Logging", "Nethermind.Logging\Nethermind.Logging.csproj", "{DC3DD6E1-1F8E-42DB-889A-F8279912C600}"
EndProject
Project("{9A19103F-16F7-4668-BE54-9A1E7A4F7556}") = "Nethermind.Int256", "..\int256\src\Nethermind.Int256\Nethermind.Int256.csproj", "{18D2E737-36C8-4955-BFC8-2D8D985E8F72}"
EndProject
Project("{9A19103F-16F7-4668-BE54-9A1E7A4F7556}") = "Nethermind.HashLib", "Nethermind.HashLib\Nethermind.HashLib.csproj", "{DC64381C-029B-46FB-9C2C-240C66EAC3FF}"
EndProject
Project("{9A19103F-16F7-4668-BE54-9A1E7A4F7556}") = "Nethermind.Network.Discovery", "Nethermind.Network.Discovery\Nethermind.Network.Discovery.csproj", "{21AA2E9B-92F2-4010-B1AE-F3A522E5EBC4}"
EndProject
Project("{9A19103F-16F7-4668-BE54-9A1E7A4F7556}") = "Nethermind.Network.Enr", "Nethermind.Network.Enr\Nethermind.Network.Enr.csproj", "{AFC0093A-CF6F-4E0D-9D66-DAF92DFD3AE0}"
EndProject
Project("{9A19103F-16F7-4668-BE54-9A1E7A4F7556}") = "Nethermind.Secp256k1", "Nethermind.Secp256k1\Nethermind.Secp256k1.csproj", "{69995420-99E9-430B-BD2E-FB584E8BB04C}"
EndProject
Project("{9A19103F-16F7-4668-BE54-9A1E7A4F7556}") = "Nethermind.Specs", "Nethermind.Specs\Nethermind.Specs.csproj", "{5115170B-29AB-4579-A59E-041CCA03AA0E}"
EndProject
Project("{9A19103F-16F7-4668-BE54-9A1E7A4F7556}") = "Nethermind.KeyStore", "Nethermind.KeyStore\Nethermind.KeyStore.csproj", "{BBA2268D-7F74-4E14-9593-AEB5D3A7E818}"
EndProject
Project("{9A19103F-16F7-4668-BE54-9A1E7A4F7556}") = "Nethermind.Network.Stats", "Nethermind.Network.Stats\Nethermind.Network.Stats.csproj", "{80EC86E6-58B9-44EF-8586-F5D73FA14333}"
EndProject
Project("{9A19103F-16F7-4668-BE54-9A1E7A4F7556}") = "Nethermind.Monitoring", "Nethermind.Monitoring\Nethermind.Monitoring.csproj", "{79B8B628-C564-4C3F-A7E1-F9C36F0715B2}"
EndProject
Project("{9A19103F-16F7-4668-BE54-9A1E7A4F7556}") = "Nethermind.Specs.Test", "Nethermind.Specs.Test\Nethermind.Specs.Test.csproj", "{846EB9CB-81A0-4303-8550-63B7588E80E8}"
EndProject
Project("{9A19103F-16F7-4668-BE54-9A1E7A4F7556}") = "Nethermind.Grpc", "Nethermind.Grpc\Nethermind.Grpc.csproj", "{F82B7AF9-1D15-423D-A779-1165C39E8D68}"
EndProject
Project("{9A19103F-16F7-4668-BE54-9A1E7A4F7556}") = "Nethermind.Db.Rocks", "Nethermind.Db.Rocks\Nethermind.Db.Rocks.csproj", "{66F73BF4-8B70-46E2-88A2-624927DE7DAC}"
EndProject
Global
	GlobalSection(SolutionConfigurationPlatforms) = preSolution
		Debug|Any CPU = Debug|Any CPU
		Release|Any CPU = Release|Any CPU
	EndGlobalSection
	GlobalSection(ProjectConfigurationPlatforms) = postSolution
		{8B42051A-68C4-4C21-8771-6D530DEB3854}.Debug|Any CPU.ActiveCfg = Debug|Any CPU
		{8B42051A-68C4-4C21-8771-6D530DEB3854}.Debug|Any CPU.Build.0 = Debug|Any CPU
		{8B42051A-68C4-4C21-8771-6D530DEB3854}.Release|Any CPU.ActiveCfg = Release|Any CPU
		{8B42051A-68C4-4C21-8771-6D530DEB3854}.Release|Any CPU.Build.0 = Release|Any CPU
		{5CEDB4E0-11E8-40CE-8826-C41DE21FCA8E}.Debug|Any CPU.ActiveCfg = Debug|Any CPU
		{5CEDB4E0-11E8-40CE-8826-C41DE21FCA8E}.Debug|Any CPU.Build.0 = Debug|Any CPU
		{5CEDB4E0-11E8-40CE-8826-C41DE21FCA8E}.Release|Any CPU.ActiveCfg = Release|Any CPU
		{5CEDB4E0-11E8-40CE-8826-C41DE21FCA8E}.Release|Any CPU.Build.0 = Release|Any CPU
		{0225AD8B-B306-4869-BA74-3135C3BB56BC}.Debug|Any CPU.ActiveCfg = Debug|Any CPU
		{0225AD8B-B306-4869-BA74-3135C3BB56BC}.Debug|Any CPU.Build.0 = Debug|Any CPU
		{0225AD8B-B306-4869-BA74-3135C3BB56BC}.Release|Any CPU.ActiveCfg = Release|Any CPU
		{0225AD8B-B306-4869-BA74-3135C3BB56BC}.Release|Any CPU.Build.0 = Release|Any CPU
		{6022468F-9C0C-4951-88DB-15A9DC45AA0F}.Debug|Any CPU.ActiveCfg = Debug|Any CPU
		{6022468F-9C0C-4951-88DB-15A9DC45AA0F}.Debug|Any CPU.Build.0 = Debug|Any CPU
		{6022468F-9C0C-4951-88DB-15A9DC45AA0F}.Release|Any CPU.ActiveCfg = Release|Any CPU
		{6022468F-9C0C-4951-88DB-15A9DC45AA0F}.Release|Any CPU.Build.0 = Release|Any CPU
		{CF4E58A2-DB30-4088-8FDB-C6CDFD135610}.Debug|Any CPU.ActiveCfg = Debug|Any CPU
		{CF4E58A2-DB30-4088-8FDB-C6CDFD135610}.Debug|Any CPU.Build.0 = Debug|Any CPU
		{CF4E58A2-DB30-4088-8FDB-C6CDFD135610}.Release|Any CPU.ActiveCfg = Release|Any CPU
		{CF4E58A2-DB30-4088-8FDB-C6CDFD135610}.Release|Any CPU.Build.0 = Release|Any CPU
		{0F53A016-3141-4384-A81F-6444AD116E39}.Debug|Any CPU.ActiveCfg = Debug|Any CPU
		{0F53A016-3141-4384-A81F-6444AD116E39}.Debug|Any CPU.Build.0 = Debug|Any CPU
		{0F53A016-3141-4384-A81F-6444AD116E39}.Release|Any CPU.ActiveCfg = Release|Any CPU
		{0F53A016-3141-4384-A81F-6444AD116E39}.Release|Any CPU.Build.0 = Release|Any CPU
		{F627E893-B0BC-4CFC-8D39-970FD24A29F6}.Debug|Any CPU.ActiveCfg = Debug|Any CPU
		{F627E893-B0BC-4CFC-8D39-970FD24A29F6}.Debug|Any CPU.Build.0 = Debug|Any CPU
		{F627E893-B0BC-4CFC-8D39-970FD24A29F6}.Release|Any CPU.ActiveCfg = Release|Any CPU
		{F627E893-B0BC-4CFC-8D39-970FD24A29F6}.Release|Any CPU.Build.0 = Release|Any CPU
		{0C6AA010-6797-493B-BA12-1EB57B897FC6}.Debug|Any CPU.ActiveCfg = Debug|Any CPU
		{0C6AA010-6797-493B-BA12-1EB57B897FC6}.Debug|Any CPU.Build.0 = Debug|Any CPU
		{0C6AA010-6797-493B-BA12-1EB57B897FC6}.Release|Any CPU.ActiveCfg = Release|Any CPU
		{0C6AA010-6797-493B-BA12-1EB57B897FC6}.Release|Any CPU.Build.0 = Release|Any CPU
		{3D9BA943-91EA-4491-B118-9D0594D72AB5}.Debug|Any CPU.ActiveCfg = Debug|Any CPU
		{3D9BA943-91EA-4491-B118-9D0594D72AB5}.Debug|Any CPU.Build.0 = Debug|Any CPU
		{3D9BA943-91EA-4491-B118-9D0594D72AB5}.Release|Any CPU.ActiveCfg = Release|Any CPU
		{3D9BA943-91EA-4491-B118-9D0594D72AB5}.Release|Any CPU.Build.0 = Release|Any CPU
		{FBFF0A14-3741-48D1-974E-5CF68EB1703B}.Debug|Any CPU.ActiveCfg = Debug|Any CPU
		{FBFF0A14-3741-48D1-974E-5CF68EB1703B}.Debug|Any CPU.Build.0 = Debug|Any CPU
		{FBFF0A14-3741-48D1-974E-5CF68EB1703B}.Release|Any CPU.ActiveCfg = Release|Any CPU
		{FBFF0A14-3741-48D1-974E-5CF68EB1703B}.Release|Any CPU.Build.0 = Release|Any CPU
		{CBF79DD7-8A55-4563-A439-8D6D9ABBFA8D}.Debug|Any CPU.ActiveCfg = Debug|Any CPU
		{CBF79DD7-8A55-4563-A439-8D6D9ABBFA8D}.Debug|Any CPU.Build.0 = Debug|Any CPU
		{CBF79DD7-8A55-4563-A439-8D6D9ABBFA8D}.Release|Any CPU.ActiveCfg = Release|Any CPU
		{CBF79DD7-8A55-4563-A439-8D6D9ABBFA8D}.Release|Any CPU.Build.0 = Release|Any CPU
		{67C6879D-4A0F-4EB7-AB71-9E9F572CE553}.Debug|Any CPU.ActiveCfg = Debug|Any CPU
		{67C6879D-4A0F-4EB7-AB71-9E9F572CE553}.Debug|Any CPU.Build.0 = Debug|Any CPU
		{67C6879D-4A0F-4EB7-AB71-9E9F572CE553}.Release|Any CPU.ActiveCfg = Release|Any CPU
		{67C6879D-4A0F-4EB7-AB71-9E9F572CE553}.Release|Any CPU.Build.0 = Release|Any CPU
		{04D00FAC-0317-4A41-A60B-7F8D544F951B}.Debug|Any CPU.ActiveCfg = Debug|Any CPU
		{04D00FAC-0317-4A41-A60B-7F8D544F951B}.Debug|Any CPU.Build.0 = Debug|Any CPU
		{04D00FAC-0317-4A41-A60B-7F8D544F951B}.Release|Any CPU.ActiveCfg = Release|Any CPU
		{04D00FAC-0317-4A41-A60B-7F8D544F951B}.Release|Any CPU.Build.0 = Release|Any CPU
		{98462192-4918-492A-AD01-D354EF60EDF4}.Debug|Any CPU.ActiveCfg = Debug|Any CPU
		{98462192-4918-492A-AD01-D354EF60EDF4}.Debug|Any CPU.Build.0 = Debug|Any CPU
		{98462192-4918-492A-AD01-D354EF60EDF4}.Release|Any CPU.ActiveCfg = Release|Any CPU
		{98462192-4918-492A-AD01-D354EF60EDF4}.Release|Any CPU.Build.0 = Release|Any CPU
		{31E5CB97-6437-4AE6-AA8A-7C08749E8D52}.Debug|Any CPU.ActiveCfg = Debug|Any CPU
		{31E5CB97-6437-4AE6-AA8A-7C08749E8D52}.Debug|Any CPU.Build.0 = Debug|Any CPU
		{31E5CB97-6437-4AE6-AA8A-7C08749E8D52}.Release|Any CPU.ActiveCfg = Release|Any CPU
		{31E5CB97-6437-4AE6-AA8A-7C08749E8D52}.Release|Any CPU.Build.0 = Release|Any CPU
		{38949E85-406D-4558-AD0D-0D181C1881E2}.Debug|Any CPU.ActiveCfg = Debug|Any CPU
		{38949E85-406D-4558-AD0D-0D181C1881E2}.Debug|Any CPU.Build.0 = Debug|Any CPU
		{38949E85-406D-4558-AD0D-0D181C1881E2}.Release|Any CPU.ActiveCfg = Release|Any CPU
		{38949E85-406D-4558-AD0D-0D181C1881E2}.Release|Any CPU.Build.0 = Release|Any CPU
		{81AEA5F7-FC77-42F8-8162-CFC1E402D11B}.Debug|Any CPU.ActiveCfg = Debug|Any CPU
		{81AEA5F7-FC77-42F8-8162-CFC1E402D11B}.Debug|Any CPU.Build.0 = Debug|Any CPU
		{81AEA5F7-FC77-42F8-8162-CFC1E402D11B}.Release|Any CPU.ActiveCfg = Release|Any CPU
		{81AEA5F7-FC77-42F8-8162-CFC1E402D11B}.Release|Any CPU.Build.0 = Release|Any CPU
		{6234B75E-16E1-4972-A6C7-B6252A9A76A9}.Debug|Any CPU.ActiveCfg = Debug|Any CPU
		{6234B75E-16E1-4972-A6C7-B6252A9A76A9}.Debug|Any CPU.Build.0 = Debug|Any CPU
		{6234B75E-16E1-4972-A6C7-B6252A9A76A9}.Release|Any CPU.ActiveCfg = Release|Any CPU
		{6234B75E-16E1-4972-A6C7-B6252A9A76A9}.Release|Any CPU.Build.0 = Release|Any CPU
		{A00FEFD6-C90E-46EB-9A79-C3AB6BD58508}.Debug|Any CPU.ActiveCfg = Debug|Any CPU
		{A00FEFD6-C90E-46EB-9A79-C3AB6BD58508}.Debug|Any CPU.Build.0 = Debug|Any CPU
		{A00FEFD6-C90E-46EB-9A79-C3AB6BD58508}.Release|Any CPU.ActiveCfg = Release|Any CPU
		{A00FEFD6-C90E-46EB-9A79-C3AB6BD58508}.Release|Any CPU.Build.0 = Release|Any CPU
		{C2CE6F47-CB73-4272-AF65-E5FD6294360C}.Debug|Any CPU.ActiveCfg = Debug|Any CPU
		{C2CE6F47-CB73-4272-AF65-E5FD6294360C}.Debug|Any CPU.Build.0 = Debug|Any CPU
		{C2CE6F47-CB73-4272-AF65-E5FD6294360C}.Release|Any CPU.ActiveCfg = Release|Any CPU
		{C2CE6F47-CB73-4272-AF65-E5FD6294360C}.Release|Any CPU.Build.0 = Release|Any CPU
		{C7EE6D69-99FA-403C-BF5B-A14173771B92}.Debug|Any CPU.ActiveCfg = Debug|Any CPU
		{C7EE6D69-99FA-403C-BF5B-A14173771B92}.Debug|Any CPU.Build.0 = Debug|Any CPU
		{C7EE6D69-99FA-403C-BF5B-A14173771B92}.Release|Any CPU.ActiveCfg = Release|Any CPU
		{C7EE6D69-99FA-403C-BF5B-A14173771B92}.Release|Any CPU.Build.0 = Release|Any CPU
		{98E7871D-7894-4EF5-B515-CC35EFAA154D}.Debug|Any CPU.ActiveCfg = Debug|Any CPU
		{98E7871D-7894-4EF5-B515-CC35EFAA154D}.Debug|Any CPU.Build.0 = Debug|Any CPU
		{98E7871D-7894-4EF5-B515-CC35EFAA154D}.Release|Any CPU.ActiveCfg = Release|Any CPU
		{98E7871D-7894-4EF5-B515-CC35EFAA154D}.Release|Any CPU.Build.0 = Release|Any CPU
		{00079614-AD8D-45D3-B628-8B14404EDFF1}.Debug|Any CPU.ActiveCfg = Debug|Any CPU
		{00079614-AD8D-45D3-B628-8B14404EDFF1}.Debug|Any CPU.Build.0 = Debug|Any CPU
		{00079614-AD8D-45D3-B628-8B14404EDFF1}.Release|Any CPU.ActiveCfg = Release|Any CPU
		{00079614-AD8D-45D3-B628-8B14404EDFF1}.Release|Any CPU.Build.0 = Release|Any CPU
		{4A437D5B-0799-476D-BC92-7A9B9AC2E164}.Debug|Any CPU.ActiveCfg = Debug|Any CPU
		{4A437D5B-0799-476D-BC92-7A9B9AC2E164}.Debug|Any CPU.Build.0 = Debug|Any CPU
		{4A437D5B-0799-476D-BC92-7A9B9AC2E164}.Release|Any CPU.ActiveCfg = Release|Any CPU
		{4A437D5B-0799-476D-BC92-7A9B9AC2E164}.Release|Any CPU.Build.0 = Release|Any CPU
		{6BDD2DF4-AD95-4A55-B9D6-761FEECE8A39}.Debug|Any CPU.ActiveCfg = Debug|Any CPU
		{6BDD2DF4-AD95-4A55-B9D6-761FEECE8A39}.Debug|Any CPU.Build.0 = Debug|Any CPU
		{6BDD2DF4-AD95-4A55-B9D6-761FEECE8A39}.Release|Any CPU.ActiveCfg = Release|Any CPU
		{6BDD2DF4-AD95-4A55-B9D6-761FEECE8A39}.Release|Any CPU.Build.0 = Release|Any CPU
		{96D07F99-4656-4C5D-8BFF-CEDBBE00838F}.Debug|Any CPU.ActiveCfg = Debug|Any CPU
		{96D07F99-4656-4C5D-8BFF-CEDBBE00838F}.Debug|Any CPU.Build.0 = Debug|Any CPU
		{96D07F99-4656-4C5D-8BFF-CEDBBE00838F}.Release|Any CPU.ActiveCfg = Release|Any CPU
		{96D07F99-4656-4C5D-8BFF-CEDBBE00838F}.Release|Any CPU.Build.0 = Release|Any CPU
		{04E3BCD3-F131-4877-84B2-301BD414709F}.Debug|Any CPU.ActiveCfg = Debug|Any CPU
		{04E3BCD3-F131-4877-84B2-301BD414709F}.Debug|Any CPU.Build.0 = Debug|Any CPU
		{04E3BCD3-F131-4877-84B2-301BD414709F}.Release|Any CPU.ActiveCfg = Release|Any CPU
		{04E3BCD3-F131-4877-84B2-301BD414709F}.Release|Any CPU.Build.0 = Release|Any CPU
		{DDCC523C-E476-4799-824F-809AAA5D5B4E}.Debug|Any CPU.ActiveCfg = Debug|Any CPU
		{DDCC523C-E476-4799-824F-809AAA5D5B4E}.Debug|Any CPU.Build.0 = Debug|Any CPU
		{DDCC523C-E476-4799-824F-809AAA5D5B4E}.Release|Any CPU.ActiveCfg = Release|Any CPU
		{DDCC523C-E476-4799-824F-809AAA5D5B4E}.Release|Any CPU.Build.0 = Release|Any CPU
		{E55A12C1-578E-4B4D-B679-7DF47893D0F5}.Debug|Any CPU.ActiveCfg = Debug|Any CPU
		{E55A12C1-578E-4B4D-B679-7DF47893D0F5}.Debug|Any CPU.Build.0 = Debug|Any CPU
		{E55A12C1-578E-4B4D-B679-7DF47893D0F5}.Release|Any CPU.ActiveCfg = Release|Any CPU
		{E55A12C1-578E-4B4D-B679-7DF47893D0F5}.Release|Any CPU.Build.0 = Release|Any CPU
		{D4589F63-8AA4-4ED9-8A03-2556F697642A}.Debug|Any CPU.ActiveCfg = Debug|Any CPU
		{D4589F63-8AA4-4ED9-8A03-2556F697642A}.Debug|Any CPU.Build.0 = Debug|Any CPU
		{D4589F63-8AA4-4ED9-8A03-2556F697642A}.Release|Any CPU.ActiveCfg = Release|Any CPU
		{D4589F63-8AA4-4ED9-8A03-2556F697642A}.Release|Any CPU.Build.0 = Release|Any CPU
		{148F09BA-EA52-4FA4-A6CE-9B7D450D8561}.Debug|Any CPU.ActiveCfg = Debug|Any CPU
		{148F09BA-EA52-4FA4-A6CE-9B7D450D8561}.Debug|Any CPU.Build.0 = Debug|Any CPU
		{148F09BA-EA52-4FA4-A6CE-9B7D450D8561}.Release|Any CPU.ActiveCfg = Release|Any CPU
		{148F09BA-EA52-4FA4-A6CE-9B7D450D8561}.Release|Any CPU.Build.0 = Release|Any CPU
		{DAFCDB3B-19B2-4375-A2F0-188ED2B9F6B6}.Debug|Any CPU.ActiveCfg = Debug|Any CPU
		{DAFCDB3B-19B2-4375-A2F0-188ED2B9F6B6}.Debug|Any CPU.Build.0 = Debug|Any CPU
		{DAFCDB3B-19B2-4375-A2F0-188ED2B9F6B6}.Release|Any CPU.ActiveCfg = Release|Any CPU
		{DAFCDB3B-19B2-4375-A2F0-188ED2B9F6B6}.Release|Any CPU.Build.0 = Release|Any CPU
		{B19240A2-C63C-407A-A1F1-D488C0F05569}.Debug|Any CPU.ActiveCfg = Debug|Any CPU
		{B19240A2-C63C-407A-A1F1-D488C0F05569}.Debug|Any CPU.Build.0 = Debug|Any CPU
		{B19240A2-C63C-407A-A1F1-D488C0F05569}.Release|Any CPU.ActiveCfg = Release|Any CPU
		{B19240A2-C63C-407A-A1F1-D488C0F05569}.Release|Any CPU.Build.0 = Release|Any CPU
		{EDE3865A-BA7E-4F65-8146-DE15BC5786F5}.Debug|Any CPU.ActiveCfg = Debug|Any CPU
		{EDE3865A-BA7E-4F65-8146-DE15BC5786F5}.Debug|Any CPU.Build.0 = Debug|Any CPU
		{EDE3865A-BA7E-4F65-8146-DE15BC5786F5}.Release|Any CPU.ActiveCfg = Release|Any CPU
		{EDE3865A-BA7E-4F65-8146-DE15BC5786F5}.Release|Any CPU.Build.0 = Release|Any CPU
		{217D4CAB-8C87-412A-8B6C-3B9BA86186E7}.Debug|Any CPU.ActiveCfg = Debug|Any CPU
		{217D4CAB-8C87-412A-8B6C-3B9BA86186E7}.Debug|Any CPU.Build.0 = Debug|Any CPU
		{217D4CAB-8C87-412A-8B6C-3B9BA86186E7}.Release|Any CPU.ActiveCfg = Release|Any CPU
		{217D4CAB-8C87-412A-8B6C-3B9BA86186E7}.Release|Any CPU.Build.0 = Release|Any CPU
		{0E4CC781-C5EB-46F6-89DA-6413CDDDEED4}.Debug|Any CPU.ActiveCfg = Debug|Any CPU
		{0E4CC781-C5EB-46F6-89DA-6413CDDDEED4}.Debug|Any CPU.Build.0 = Debug|Any CPU
		{0E4CC781-C5EB-46F6-89DA-6413CDDDEED4}.Release|Any CPU.ActiveCfg = Release|Any CPU
		{0E4CC781-C5EB-46F6-89DA-6413CDDDEED4}.Release|Any CPU.Build.0 = Release|Any CPU
		{DC3DD6E1-1F8E-42DB-889A-F8279912C600}.Debug|Any CPU.ActiveCfg = Debug|Any CPU
		{DC3DD6E1-1F8E-42DB-889A-F8279912C600}.Debug|Any CPU.Build.0 = Debug|Any CPU
		{DC3DD6E1-1F8E-42DB-889A-F8279912C600}.Release|Any CPU.ActiveCfg = Release|Any CPU
		{DC3DD6E1-1F8E-42DB-889A-F8279912C600}.Release|Any CPU.Build.0 = Release|Any CPU
		{18D2E737-36C8-4955-BFC8-2D8D985E8F72}.Debug|Any CPU.ActiveCfg = Debug|Any CPU
		{18D2E737-36C8-4955-BFC8-2D8D985E8F72}.Debug|Any CPU.Build.0 = Debug|Any CPU
		{18D2E737-36C8-4955-BFC8-2D8D985E8F72}.Release|Any CPU.ActiveCfg = Release|Any CPU
		{18D2E737-36C8-4955-BFC8-2D8D985E8F72}.Release|Any CPU.Build.0 = Release|Any CPU
		{DC64381C-029B-46FB-9C2C-240C66EAC3FF}.Debug|Any CPU.ActiveCfg = Debug|Any CPU
		{DC64381C-029B-46FB-9C2C-240C66EAC3FF}.Debug|Any CPU.Build.0 = Debug|Any CPU
		{DC64381C-029B-46FB-9C2C-240C66EAC3FF}.Release|Any CPU.ActiveCfg = Release|Any CPU
		{DC64381C-029B-46FB-9C2C-240C66EAC3FF}.Release|Any CPU.Build.0 = Release|Any CPU
		{21AA2E9B-92F2-4010-B1AE-F3A522E5EBC4}.Debug|Any CPU.ActiveCfg = Debug|Any CPU
		{21AA2E9B-92F2-4010-B1AE-F3A522E5EBC4}.Debug|Any CPU.Build.0 = Debug|Any CPU
		{21AA2E9B-92F2-4010-B1AE-F3A522E5EBC4}.Release|Any CPU.ActiveCfg = Release|Any CPU
		{21AA2E9B-92F2-4010-B1AE-F3A522E5EBC4}.Release|Any CPU.Build.0 = Release|Any CPU
		{AFC0093A-CF6F-4E0D-9D66-DAF92DFD3AE0}.Debug|Any CPU.ActiveCfg = Debug|Any CPU
		{AFC0093A-CF6F-4E0D-9D66-DAF92DFD3AE0}.Debug|Any CPU.Build.0 = Debug|Any CPU
		{AFC0093A-CF6F-4E0D-9D66-DAF92DFD3AE0}.Release|Any CPU.ActiveCfg = Release|Any CPU
		{AFC0093A-CF6F-4E0D-9D66-DAF92DFD3AE0}.Release|Any CPU.Build.0 = Release|Any CPU
		{69995420-99E9-430B-BD2E-FB584E8BB04C}.Debug|Any CPU.ActiveCfg = Debug|Any CPU
		{69995420-99E9-430B-BD2E-FB584E8BB04C}.Debug|Any CPU.Build.0 = Debug|Any CPU
		{69995420-99E9-430B-BD2E-FB584E8BB04C}.Release|Any CPU.ActiveCfg = Release|Any CPU
		{69995420-99E9-430B-BD2E-FB584E8BB04C}.Release|Any CPU.Build.0 = Release|Any CPU
		{5115170B-29AB-4579-A59E-041CCA03AA0E}.Debug|Any CPU.ActiveCfg = Debug|Any CPU
		{5115170B-29AB-4579-A59E-041CCA03AA0E}.Debug|Any CPU.Build.0 = Debug|Any CPU
		{5115170B-29AB-4579-A59E-041CCA03AA0E}.Release|Any CPU.ActiveCfg = Release|Any CPU
		{5115170B-29AB-4579-A59E-041CCA03AA0E}.Release|Any CPU.Build.0 = Release|Any CPU
		{BBA2268D-7F74-4E14-9593-AEB5D3A7E818}.Debug|Any CPU.ActiveCfg = Debug|Any CPU
		{BBA2268D-7F74-4E14-9593-AEB5D3A7E818}.Debug|Any CPU.Build.0 = Debug|Any CPU
		{BBA2268D-7F74-4E14-9593-AEB5D3A7E818}.Release|Any CPU.ActiveCfg = Release|Any CPU
		{BBA2268D-7F74-4E14-9593-AEB5D3A7E818}.Release|Any CPU.Build.0 = Release|Any CPU
		{80EC86E6-58B9-44EF-8586-F5D73FA14333}.Debug|Any CPU.ActiveCfg = Debug|Any CPU
		{80EC86E6-58B9-44EF-8586-F5D73FA14333}.Debug|Any CPU.Build.0 = Debug|Any CPU
		{80EC86E6-58B9-44EF-8586-F5D73FA14333}.Release|Any CPU.ActiveCfg = Release|Any CPU
		{80EC86E6-58B9-44EF-8586-F5D73FA14333}.Release|Any CPU.Build.0 = Release|Any CPU
		{79B8B628-C564-4C3F-A7E1-F9C36F0715B2}.Debug|Any CPU.ActiveCfg = Debug|Any CPU
		{79B8B628-C564-4C3F-A7E1-F9C36F0715B2}.Debug|Any CPU.Build.0 = Debug|Any CPU
		{79B8B628-C564-4C3F-A7E1-F9C36F0715B2}.Release|Any CPU.ActiveCfg = Release|Any CPU
		{79B8B628-C564-4C3F-A7E1-F9C36F0715B2}.Release|Any CPU.Build.0 = Release|Any CPU
		{846EB9CB-81A0-4303-8550-63B7588E80E8}.Debug|Any CPU.ActiveCfg = Debug|Any CPU
		{846EB9CB-81A0-4303-8550-63B7588E80E8}.Debug|Any CPU.Build.0 = Debug|Any CPU
		{846EB9CB-81A0-4303-8550-63B7588E80E8}.Release|Any CPU.ActiveCfg = Release|Any CPU
		{846EB9CB-81A0-4303-8550-63B7588E80E8}.Release|Any CPU.Build.0 = Release|Any CPU
		{F82B7AF9-1D15-423D-A779-1165C39E8D68}.Debug|Any CPU.ActiveCfg = Debug|Any CPU
		{F82B7AF9-1D15-423D-A779-1165C39E8D68}.Debug|Any CPU.Build.0 = Debug|Any CPU
		{F82B7AF9-1D15-423D-A779-1165C39E8D68}.Release|Any CPU.ActiveCfg = Release|Any CPU
		{F82B7AF9-1D15-423D-A779-1165C39E8D68}.Release|Any CPU.Build.0 = Release|Any CPU
		{66F73BF4-8B70-46E2-88A2-624927DE7DAC}.Debug|Any CPU.ActiveCfg = Debug|Any CPU
		{66F73BF4-8B70-46E2-88A2-624927DE7DAC}.Debug|Any CPU.Build.0 = Debug|Any CPU
		{66F73BF4-8B70-46E2-88A2-624927DE7DAC}.Release|Any CPU.ActiveCfg = Release|Any CPU
		{66F73BF4-8B70-46E2-88A2-624927DE7DAC}.Release|Any CPU.Build.0 = Release|Any CPU
	EndGlobalSection
	GlobalSection(SolutionProperties) = preSolution
		HideSolutionNode = FALSE
	EndGlobalSection
	GlobalSection(NestedProjects) = preSolution
		{0F53A016-3141-4384-A81F-6444AD116E39} = {57CE427C-455B-47A9-85D6-CEF379DC00F6}
		{F627E893-B0BC-4CFC-8D39-970FD24A29F6} = {57CE427C-455B-47A9-85D6-CEF379DC00F6}
		{0C6AA010-6797-493B-BA12-1EB57B897FC6} = {57CE427C-455B-47A9-85D6-CEF379DC00F6}
		{3D9BA943-91EA-4491-B118-9D0594D72AB5} = {57CE427C-455B-47A9-85D6-CEF379DC00F6}
		{FBFF0A14-3741-48D1-974E-5CF68EB1703B} = {57CE427C-455B-47A9-85D6-CEF379DC00F6}
		{CBF79DD7-8A55-4563-A439-8D6D9ABBFA8D} = {57CE427C-455B-47A9-85D6-CEF379DC00F6}
		{67C6879D-4A0F-4EB7-AB71-9E9F572CE553} = {57CE427C-455B-47A9-85D6-CEF379DC00F6}
		{04D00FAC-0317-4A41-A60B-7F8D544F951B} = {57CE427C-455B-47A9-85D6-CEF379DC00F6}
		{98462192-4918-492A-AD01-D354EF60EDF4} = {57CE427C-455B-47A9-85D6-CEF379DC00F6}
		{31E5CB97-6437-4AE6-AA8A-7C08749E8D52} = {57CE427C-455B-47A9-85D6-CEF379DC00F6}
		{38949E85-406D-4558-AD0D-0D181C1881E2} = {57CE427C-455B-47A9-85D6-CEF379DC00F6}
		{81AEA5F7-FC77-42F8-8162-CFC1E402D11B} = {57CE427C-455B-47A9-85D6-CEF379DC00F6}
		{6234B75E-16E1-4972-A6C7-B6252A9A76A9} = {57CE427C-455B-47A9-85D6-CEF379DC00F6}
		{A00FEFD6-C90E-46EB-9A79-C3AB6BD58508} = {57CE427C-455B-47A9-85D6-CEF379DC00F6}
		{C2CE6F47-CB73-4272-AF65-E5FD6294360C} = {57CE427C-455B-47A9-85D6-CEF379DC00F6}
		{C7EE6D69-99FA-403C-BF5B-A14173771B92} = {57CE427C-455B-47A9-85D6-CEF379DC00F6}
		{98E7871D-7894-4EF5-B515-CC35EFAA154D} = {57CE427C-455B-47A9-85D6-CEF379DC00F6}
		{00079614-AD8D-45D3-B628-8B14404EDFF1} = {57CE427C-455B-47A9-85D6-CEF379DC00F6}
		{4A437D5B-0799-476D-BC92-7A9B9AC2E164} = {57CE427C-455B-47A9-85D6-CEF379DC00F6}
		{6BDD2DF4-AD95-4A55-B9D6-761FEECE8A39} = {57CE427C-455B-47A9-85D6-CEF379DC00F6}
		{96D07F99-4656-4C5D-8BFF-CEDBBE00838F} = {57CE427C-455B-47A9-85D6-CEF379DC00F6}
		{04E3BCD3-F131-4877-84B2-301BD414709F} = {57CE427C-455B-47A9-85D6-CEF379DC00F6}
		{DDCC523C-E476-4799-824F-809AAA5D5B4E} = {57CE427C-455B-47A9-85D6-CEF379DC00F6}
		{E55A12C1-578E-4B4D-B679-7DF47893D0F5} = {57CE427C-455B-47A9-85D6-CEF379DC00F6}
		{D4589F63-8AA4-4ED9-8A03-2556F697642A} = {57CE427C-455B-47A9-85D6-CEF379DC00F6}
		{DAFCDB3B-19B2-4375-A2F0-188ED2B9F6B6} = {57CE427C-455B-47A9-85D6-CEF379DC00F6}
		{B19240A2-C63C-407A-A1F1-D488C0F05569} = {57CE427C-455B-47A9-85D6-CEF379DC00F6}
		{EDE3865A-BA7E-4F65-8146-DE15BC5786F5} = {57CE427C-455B-47A9-85D6-CEF379DC00F6}
		{0E4CC781-C5EB-46F6-89DA-6413CDDDEED4} = {57CE427C-455B-47A9-85D6-CEF379DC00F6}
		{DC3DD6E1-1F8E-42DB-889A-F8279912C600} = {57CE427C-455B-47A9-85D6-CEF379DC00F6}
		{18D2E737-36C8-4955-BFC8-2D8D985E8F72} = {57CE427C-455B-47A9-85D6-CEF379DC00F6}
		{DC64381C-029B-46FB-9C2C-240C66EAC3FF} = {57CE427C-455B-47A9-85D6-CEF379DC00F6}
		{21AA2E9B-92F2-4010-B1AE-F3A522E5EBC4} = {57CE427C-455B-47A9-85D6-CEF379DC00F6}
		{AFC0093A-CF6F-4E0D-9D66-DAF92DFD3AE0} = {57CE427C-455B-47A9-85D6-CEF379DC00F6}
		{69995420-99E9-430B-BD2E-FB584E8BB04C} = {57CE427C-455B-47A9-85D6-CEF379DC00F6}
		{5115170B-29AB-4579-A59E-041CCA03AA0E} = {57CE427C-455B-47A9-85D6-CEF379DC00F6}
		{BBA2268D-7F74-4E14-9593-AEB5D3A7E818} = {57CE427C-455B-47A9-85D6-CEF379DC00F6}
		{80EC86E6-58B9-44EF-8586-F5D73FA14333} = {57CE427C-455B-47A9-85D6-CEF379DC00F6}
		{79B8B628-C564-4C3F-A7E1-F9C36F0715B2} = {57CE427C-455B-47A9-85D6-CEF379DC00F6}
		{846EB9CB-81A0-4303-8550-63B7588E80E8} = {57CE427C-455B-47A9-85D6-CEF379DC00F6}
		{F82B7AF9-1D15-423D-A779-1165C39E8D68} = {57CE427C-455B-47A9-85D6-CEF379DC00F6}
		{66F73BF4-8B70-46E2-88A2-624927DE7DAC} = {57CE427C-455B-47A9-85D6-CEF379DC00F6}
	EndGlobalSection
	GlobalSection(ExtensibilityGlobals) = postSolution
		SolutionGuid = {D5960A1D-363A-4347-A091-29F6390950DC}
	EndGlobalSection
EndGlobal
