
Microsoft Visual Studio Solution File, Format Version 12.00
# Visual Studio 15
VisualStudioVersion = 15.0.26124.0
MinimumVisualStudioVersion = 15.0.26124.0
Project("{FAE04EC0-301F-11D3-BF4B-00C04F79EFBC}") = "Nethermind.Pipeline.Plugins.Erc20Transactions", "Pipeline.Plugins\Nethermind.Pipeline.Plugins.Erc20Transactions\Nethermind.Pipeline.Plugins.Erc20Transactions.csproj", "{100370A8-C078-46E7-A4CB-543A444D109F}"
EndProject
Project("{FAE04EC0-301F-11D3-BF4B-00C04F79EFBC}") = "Nethermind.Pipeline.Plugins.Erc721Transactions", "Pipeline.Plugins\Nethermind.Pipeline.Plugins.Erc721Transactions\Nethermind.Pipeline.Plugins.Erc721Transactions.csproj", "{D804FD09-6B7F-4E0B-B9EA-E13A80E2C8AB}"
EndProject
Project("{FAE04EC0-301F-11D3-BF4B-00C04F79EFBC}") = "Nethermind.Pipeline.Plugins.NewDiscoveredTransactions", "Pipeline.Plugins\Nethermind.Pipeline.Plugins.NewDiscoveredTransactions\Nethermind.Pipeline.Plugins.NewDiscoveredTransactions.csproj", "{9637B0BA-01B1-4020-A03C-73A7AF5B3D03}"
EndProject
Project("{FAE04EC0-301F-11D3-BF4B-00C04F79EFBC}") = "Nethermind.Pipeline.Plugins.NewPendingTransactions", "Pipeline.Plugins\Nethermind.Pipeline.Plugins.NewPendingTransactions\Nethermind.Pipeline.Plugins.NewPendingTransactions.csproj", "{CCD6D2F2-FA5D-48A2-A098-91C0B13BB680}"
EndProject
Project("{FAE04EC0-301F-11D3-BF4B-00C04F79EFBC}") = "Nethermind.Pipeline.Plugins.RemovedPendingTransactions", "Pipeline.Plugins\Nethermind.Pipeline.Plugins.RemovedPendingTransactions\Nethermind.Pipeline.Plugins.RemovedPendingTransactions.csproj", "{3A591EC3-6FDE-4913-94AE-8F34DA664E11}"
EndProject
Global
	GlobalSection(SolutionConfigurationPlatforms) = preSolution
		Debug|Any CPU = Debug|Any CPU
		Debug|x64 = Debug|x64
		Debug|x86 = Debug|x86
		Release|Any CPU = Release|Any CPU
		Release|x64 = Release|x64
		Release|x86 = Release|x86
	EndGlobalSection
	GlobalSection(SolutionProperties) = preSolution
		HideSolutionNode = FALSE
	EndGlobalSection
	GlobalSection(ProjectConfigurationPlatforms) = postSolution
		{100370A8-C078-46E7-A4CB-543A444D109F}.Debug|Any CPU.ActiveCfg = Debug|Any CPU
		{100370A8-C078-46E7-A4CB-543A444D109F}.Debug|Any CPU.Build.0 = Debug|Any CPU
		{100370A8-C078-46E7-A4CB-543A444D109F}.Debug|x64.ActiveCfg = Debug|Any CPU
		{100370A8-C078-46E7-A4CB-543A444D109F}.Debug|x64.Build.0 = Debug|Any CPU
		{100370A8-C078-46E7-A4CB-543A444D109F}.Debug|x86.ActiveCfg = Debug|Any CPU
		{100370A8-C078-46E7-A4CB-543A444D109F}.Debug|x86.Build.0 = Debug|Any CPU
		{100370A8-C078-46E7-A4CB-543A444D109F}.Release|Any CPU.ActiveCfg = Release|Any CPU
		{100370A8-C078-46E7-A4CB-543A444D109F}.Release|Any CPU.Build.0 = Release|Any CPU
		{100370A8-C078-46E7-A4CB-543A444D109F}.Release|x64.ActiveCfg = Release|Any CPU
		{100370A8-C078-46E7-A4CB-543A444D109F}.Release|x64.Build.0 = Release|Any CPU
		{100370A8-C078-46E7-A4CB-543A444D109F}.Release|x86.ActiveCfg = Release|Any CPU
		{100370A8-C078-46E7-A4CB-543A444D109F}.Release|x86.Build.0 = Release|Any CPU
		{D804FD09-6B7F-4E0B-B9EA-E13A80E2C8AB}.Debug|Any CPU.ActiveCfg = Debug|Any CPU
		{D804FD09-6B7F-4E0B-B9EA-E13A80E2C8AB}.Debug|Any CPU.Build.0 = Debug|Any CPU
		{D804FD09-6B7F-4E0B-B9EA-E13A80E2C8AB}.Debug|x64.ActiveCfg = Debug|Any CPU
		{D804FD09-6B7F-4E0B-B9EA-E13A80E2C8AB}.Debug|x64.Build.0 = Debug|Any CPU
		{D804FD09-6B7F-4E0B-B9EA-E13A80E2C8AB}.Debug|x86.ActiveCfg = Debug|Any CPU
		{D804FD09-6B7F-4E0B-B9EA-E13A80E2C8AB}.Debug|x86.Build.0 = Debug|Any CPU
		{D804FD09-6B7F-4E0B-B9EA-E13A80E2C8AB}.Release|Any CPU.ActiveCfg = Release|Any CPU
		{D804FD09-6B7F-4E0B-B9EA-E13A80E2C8AB}.Release|Any CPU.Build.0 = Release|Any CPU
		{D804FD09-6B7F-4E0B-B9EA-E13A80E2C8AB}.Release|x64.ActiveCfg = Release|Any CPU
		{D804FD09-6B7F-4E0B-B9EA-E13A80E2C8AB}.Release|x64.Build.0 = Release|Any CPU
		{D804FD09-6B7F-4E0B-B9EA-E13A80E2C8AB}.Release|x86.ActiveCfg = Release|Any CPU
		{D804FD09-6B7F-4E0B-B9EA-E13A80E2C8AB}.Release|x86.Build.0 = Release|Any CPU
		{9637B0BA-01B1-4020-A03C-73A7AF5B3D03}.Debug|Any CPU.ActiveCfg = Debug|Any CPU
		{9637B0BA-01B1-4020-A03C-73A7AF5B3D03}.Debug|Any CPU.Build.0 = Debug|Any CPU
		{9637B0BA-01B1-4020-A03C-73A7AF5B3D03}.Debug|x64.ActiveCfg = Debug|Any CPU
		{9637B0BA-01B1-4020-A03C-73A7AF5B3D03}.Debug|x64.Build.0 = Debug|Any CPU
		{9637B0BA-01B1-4020-A03C-73A7AF5B3D03}.Debug|x86.ActiveCfg = Debug|Any CPU
		{9637B0BA-01B1-4020-A03C-73A7AF5B3D03}.Debug|x86.Build.0 = Debug|Any CPU
		{9637B0BA-01B1-4020-A03C-73A7AF5B3D03}.Release|Any CPU.ActiveCfg = Release|Any CPU
		{9637B0BA-01B1-4020-A03C-73A7AF5B3D03}.Release|Any CPU.Build.0 = Release|Any CPU
		{9637B0BA-01B1-4020-A03C-73A7AF5B3D03}.Release|x64.ActiveCfg = Release|Any CPU
		{9637B0BA-01B1-4020-A03C-73A7AF5B3D03}.Release|x64.Build.0 = Release|Any CPU
		{9637B0BA-01B1-4020-A03C-73A7AF5B3D03}.Release|x86.ActiveCfg = Release|Any CPU
		{9637B0BA-01B1-4020-A03C-73A7AF5B3D03}.Release|x86.Build.0 = Release|Any CPU
		{CCD6D2F2-FA5D-48A2-A098-91C0B13BB680}.Debug|Any CPU.ActiveCfg = Debug|Any CPU
		{CCD6D2F2-FA5D-48A2-A098-91C0B13BB680}.Debug|Any CPU.Build.0 = Debug|Any CPU
		{CCD6D2F2-FA5D-48A2-A098-91C0B13BB680}.Debug|x64.ActiveCfg = Debug|Any CPU
		{CCD6D2F2-FA5D-48A2-A098-91C0B13BB680}.Debug|x64.Build.0 = Debug|Any CPU
		{CCD6D2F2-FA5D-48A2-A098-91C0B13BB680}.Debug|x86.ActiveCfg = Debug|Any CPU
		{CCD6D2F2-FA5D-48A2-A098-91C0B13BB680}.Debug|x86.Build.0 = Debug|Any CPU
		{CCD6D2F2-FA5D-48A2-A098-91C0B13BB680}.Release|Any CPU.ActiveCfg = Release|Any CPU
		{CCD6D2F2-FA5D-48A2-A098-91C0B13BB680}.Release|Any CPU.Build.0 = Release|Any CPU
		{CCD6D2F2-FA5D-48A2-A098-91C0B13BB680}.Release|x64.ActiveCfg = Release|Any CPU
		{CCD6D2F2-FA5D-48A2-A098-91C0B13BB680}.Release|x64.Build.0 = Release|Any CPU
		{CCD6D2F2-FA5D-48A2-A098-91C0B13BB680}.Release|x86.ActiveCfg = Release|Any CPU
		{CCD6D2F2-FA5D-48A2-A098-91C0B13BB680}.Release|x86.Build.0 = Release|Any CPU
		{3A591EC3-6FDE-4913-94AE-8F34DA664E11}.Debug|Any CPU.ActiveCfg = Debug|Any CPU
		{3A591EC3-6FDE-4913-94AE-8F34DA664E11}.Debug|Any CPU.Build.0 = Debug|Any CPU
		{3A591EC3-6FDE-4913-94AE-8F34DA664E11}.Debug|x64.ActiveCfg = Debug|Any CPU
		{3A591EC3-6FDE-4913-94AE-8F34DA664E11}.Debug|x64.Build.0 = Debug|Any CPU
		{3A591EC3-6FDE-4913-94AE-8F34DA664E11}.Debug|x86.ActiveCfg = Debug|Any CPU
		{3A591EC3-6FDE-4913-94AE-8F34DA664E11}.Debug|x86.Build.0 = Debug|Any CPU
		{3A591EC3-6FDE-4913-94AE-8F34DA664E11}.Release|Any CPU.ActiveCfg = Release|Any CPU
		{3A591EC3-6FDE-4913-94AE-8F34DA664E11}.Release|Any CPU.Build.0 = Release|Any CPU
		{3A591EC3-6FDE-4913-94AE-8F34DA664E11}.Release|x64.ActiveCfg = Release|Any CPU
		{3A591EC3-6FDE-4913-94AE-8F34DA664E11}.Release|x64.Build.0 = Release|Any CPU
		{3A591EC3-6FDE-4913-94AE-8F34DA664E11}.Release|x86.ActiveCfg = Release|Any CPU
		{3A591EC3-6FDE-4913-94AE-8F34DA664E11}.Release|x86.Build.0 = Release|Any CPU
	EndGlobalSection
EndGlobal
