
Microsoft Visual Studio Solution File, Format Version 12.00
# Visual Studio 15
VisualStudioVersion = 15.0.26124.0
MinimumVisualStudioVersion = 15.0.26124.0
Project("{FAE04EC0-301F-11D3-BF4B-00C04F79EFBC}") = "Nethermind.Pipeline.Plugins.Erc20Transactions", "Nethermind.Pipeline.Plugins.Erc20Transactions\Nethermind.Pipeline.Plugins.Erc20Transactions.csproj", "{C854F96C-6FF5-480B-B69A-AA3179606572}"
EndProject
Project("{2150E333-8FDC-42A3-9474-1A3956D46DE8}") = "nethermind", "nethermind", "{1408D8FE-565B-403D-A585-85C1582E030A}"
EndProject
Project("{FAE04EC0-301F-11D3-BF4B-00C04F79EFBC}") = "Nethermind.Api", "Nethermind.Api\Nethermind.Api.csproj", "{08C5069A-2B9F-45AA-9785-0AA954AB6EC3}"
EndProject
Project("{FAE04EC0-301F-11D3-BF4B-00C04F79EFBC}") = "Nethermind.Core", "Nethermind.Core\Nethermind.Core.csproj", "{A28912F7-2A6B-482D-A4E9-1E264AB17EB4}"
EndProject
Project("{FAE04EC0-301F-11D3-BF4B-00C04F79EFBC}") = "Nethermind.Pipeline", "Nethermind.Pipeline\Nethermind.Pipeline.csproj", "{860832DA-3A50-4408-B5C2-D4D096B00153}"
EndProject
Project("{FAE04EC0-301F-11D3-BF4B-00C04F79EFBC}") = "Nethermind.Pipeline.Plugins.Erc721Transactions", "Nethermind.Pipeline.Plugins.Erc721Transactions\Nethermind.Pipeline.Plugins.Erc721Transactions.csproj", "{C26B6A3E-8A4E-4527-BC53-D6CAD2B0F730}"
EndProject
Project("{FAE04EC0-301F-11D3-BF4B-00C04F79EFBC}") = "Nethermind.Pipeline.Plugins.NewDiscoveredTransactions", "Nethermind.Pipeline.Plugins.NewDiscoveredTransactions\Nethermind.Pipeline.Plugins.NewDiscoveredTransactions.csproj", "{8DCA066A-ADC7-46BB-B950-47E9D0A52CF9}"
EndProject
Project("{FAE04EC0-301F-11D3-BF4B-00C04F79EFBC}") = "Nethermind.Pipeline.Plugins.NewPendingTransactions", "Nethermind.Pipeline.Plugins.NewPendingTransactions\Nethermind.Pipeline.Plugins.NewPendingTransactions.csproj", "{3BC8ACC6-51CF-4F6E-8D2D-1D97FB37AD85}"
EndProject
Project("{FAE04EC0-301F-11D3-BF4B-00C04F79EFBC}") = "Nethermind.Pipeline.Plugins.RemovedPendingTransactions", "Nethermind.Pipeline.Plugins.RemovedPendingTransactions\Nethermind.Pipeline.Plugins.RemovedPendingTransactions.csproj", "{62B054DA-52C8-49D6-A167-95A5694EE177}"
EndProject
Project("{FAE04EC0-301F-11D3-BF4B-00C04F79EFBC}") = "Nethermind.Runner", "Nethermind.Runner\Nethermind.Runner.csproj", "{CD8F7271-C563-41B3-8830-65A0E2E889AC}"
EndProject
Project("{FAE04EC0-301F-11D3-BF4B-00C04F79EFBC}") = "Nethermind.Mev", "Nethermind.Mev\Nethermind.Mev.csproj", "{2DF29A48-D58E-4FDA-A151-FD8E6137EDC0}"
EndProject
Project("{FAE04EC0-301F-11D3-BF4B-00C04F79EFBC}") = "Nethermind.Abi", "Nethermind.Abi\Nethermind.Abi.csproj", "{FB0C8047-71C3-49C1-951B-2C01E6F265F9}"
EndProject
Project("{FAE04EC0-301F-11D3-BF4B-00C04F79EFBC}") = "Nethermind.Serialization.Json", "Nethermind.Serialization.Json\Nethermind.Serialization.Json.csproj", "{2DD69D07-0458-4F61-867B-46B6655ABB70}"
EndProject
Project("{FAE04EC0-301F-11D3-BF4B-00C04F79EFBC}") = "Nethermind.Blockchain", "Nethermind.Blockchain\Nethermind.Blockchain.csproj", "{05822984-5539-4AAE-985F-EBD1BA1DFCE5}"
EndProject
Project("{FAE04EC0-301F-11D3-BF4B-00C04F79EFBC}") = "Nethermind.Consensus.AuRa", "Nethermind.Consensus.AuRa\Nethermind.Consensus.AuRa.csproj", "{AB7F8901-87C7-449B-9288-EC46F6435DF4}"
EndProject
Project("{FAE04EC0-301F-11D3-BF4B-00C04F79EFBC}") = "Nethermind.Db.Rocks", "Nethermind.Db.Rocks\Nethermind.Db.Rocks.csproj", "{1547812D-6AC6-47F0-9B7F-86DD91E43752}"
EndProject
Project("{FAE04EC0-301F-11D3-BF4B-00C04F79EFBC}") = "Nethermind.Db.Rpc", "Nethermind.Db.Rpc\Nethermind.Db.Rpc.csproj", "{CE9BAFAF-2D20-4721-BEB5-915DDFD3CC3B}"
EndProject
Project("{FAE04EC0-301F-11D3-BF4B-00C04F79EFBC}") = "Nethermind.Consensus.Ethash", "Nethermind.Consensus.Ethash\Nethermind.Consensus.Ethash.csproj", "{A7E05B8F-6FA6-4450-9CED-4BED4E37116E}"
EndProject
Project("{FAE04EC0-301F-11D3-BF4B-00C04F79EFBC}") = "Nethermind.Consensus.Clique", "Nethermind.Consensus.Clique\Nethermind.Consensus.Clique.csproj", "{50CFDBB3-C2D0-4A0C-8984-37EB1CCDC843}"
EndProject
Project("{FAE04EC0-301F-11D3-BF4B-00C04F79EFBC}") = "Nethermind.Logging.NLog", "Nethermind.Logging.NLog\Nethermind.Logging.NLog.csproj", "{16255E1B-B9B0-4057-A6D7-92D77645A4C2}"
EndProject
Project("{FAE04EC0-301F-11D3-BF4B-00C04F79EFBC}") = "Nethermind.Seq", "Nethermind.Seq\Nethermind.Seq.csproj", "{33C7A8CC-93BF-4569-A19F-82748085E8DF}"
EndProject
Project("{FAE04EC0-301F-11D3-BF4B-00C04F79EFBC}") = "Nethermind.HealthChecks", "Nethermind.HealthChecks\Nethermind.HealthChecks.csproj", "{DAA1159B-0536-4233-88B5-D14092B999D1}"
EndProject
Project("{FAE04EC0-301F-11D3-BF4B-00C04F79EFBC}") = "Nethermind.EthStats", "Nethermind.EthStats\Nethermind.EthStats.csproj", "{9C32E3A7-C233-4ABD-916D-EB1A07D3A6D5}"
EndProject
Project("{2150E333-8FDC-42A3-9474-1A3956D46DE8}") = "RocksDb", "RocksDb", "{F6A6D708-1455-4CE7-A5A8-E64CF2C74AC4}"
EndProject
Project("{FAE04EC0-301F-11D3-BF4B-00C04F79EFBC}") = "RocksDbNative", "..\rocksdb-sharp\RocksDbNative\RocksDbNative.csproj", "{9B365760-E8FA-4C57-B6EE-07BE9BDE4823}"
EndProject
Project("{FAE04EC0-301F-11D3-BF4B-00C04F79EFBC}") = "RocksDbSharp", "..\rocksdb-sharp\RocksDbSharp\RocksDbSharp.csproj", "{A0AA7E87-1DA2-4A18-88A2-A534F65711D7}"
EndProject
Global
	GlobalSection(SolutionConfigurationPlatforms) = preSolution
		Debug|Any CPU = Debug|Any CPU
		Debug|x64 = Debug|x64
		Debug|x86 = Debug|x86
		Release|Any CPU = Release|Any CPU
		Release|x64 = Release|x64
		Release|x86 = Release|x86
	EndGlobalSection
	GlobalSection(SolutionProperties) = preSolution
		HideSolutionNode = FALSE
	EndGlobalSection
	GlobalSection(ProjectConfigurationPlatforms) = postSolution
		{C854F96C-6FF5-480B-B69A-AA3179606572}.Debug|Any CPU.ActiveCfg = Debug|Any CPU
		{C854F96C-6FF5-480B-B69A-AA3179606572}.Debug|Any CPU.Build.0 = Debug|Any CPU
		{C854F96C-6FF5-480B-B69A-AA3179606572}.Debug|x64.ActiveCfg = Debug|Any CPU
		{C854F96C-6FF5-480B-B69A-AA3179606572}.Debug|x64.Build.0 = Debug|Any CPU
		{C854F96C-6FF5-480B-B69A-AA3179606572}.Debug|x86.ActiveCfg = Debug|Any CPU
		{C854F96C-6FF5-480B-B69A-AA3179606572}.Debug|x86.Build.0 = Debug|Any CPU
		{C854F96C-6FF5-480B-B69A-AA3179606572}.Release|Any CPU.ActiveCfg = Release|Any CPU
		{C854F96C-6FF5-480B-B69A-AA3179606572}.Release|Any CPU.Build.0 = Release|Any CPU
		{C854F96C-6FF5-480B-B69A-AA3179606572}.Release|x64.ActiveCfg = Release|Any CPU
		{C854F96C-6FF5-480B-B69A-AA3179606572}.Release|x64.Build.0 = Release|Any CPU
		{C854F96C-6FF5-480B-B69A-AA3179606572}.Release|x86.ActiveCfg = Release|Any CPU
		{C854F96C-6FF5-480B-B69A-AA3179606572}.Release|x86.Build.0 = Release|Any CPU
		{08C5069A-2B9F-45AA-9785-0AA954AB6EC3}.Debug|Any CPU.ActiveCfg = Debug|Any CPU
		{08C5069A-2B9F-45AA-9785-0AA954AB6EC3}.Debug|Any CPU.Build.0 = Debug|Any CPU
		{08C5069A-2B9F-45AA-9785-0AA954AB6EC3}.Debug|x64.ActiveCfg = Debug|Any CPU
		{08C5069A-2B9F-45AA-9785-0AA954AB6EC3}.Debug|x64.Build.0 = Debug|Any CPU
		{08C5069A-2B9F-45AA-9785-0AA954AB6EC3}.Debug|x86.ActiveCfg = Debug|Any CPU
		{08C5069A-2B9F-45AA-9785-0AA954AB6EC3}.Debug|x86.Build.0 = Debug|Any CPU
		{08C5069A-2B9F-45AA-9785-0AA954AB6EC3}.Release|Any CPU.ActiveCfg = Release|Any CPU
		{08C5069A-2B9F-45AA-9785-0AA954AB6EC3}.Release|Any CPU.Build.0 = Release|Any CPU
		{08C5069A-2B9F-45AA-9785-0AA954AB6EC3}.Release|x64.ActiveCfg = Release|Any CPU
		{08C5069A-2B9F-45AA-9785-0AA954AB6EC3}.Release|x64.Build.0 = Release|Any CPU
		{08C5069A-2B9F-45AA-9785-0AA954AB6EC3}.Release|x86.ActiveCfg = Release|Any CPU
		{08C5069A-2B9F-45AA-9785-0AA954AB6EC3}.Release|x86.Build.0 = Release|Any CPU
		{A28912F7-2A6B-482D-A4E9-1E264AB17EB4}.Debug|Any CPU.ActiveCfg = Debug|Any CPU
		{A28912F7-2A6B-482D-A4E9-1E264AB17EB4}.Debug|Any CPU.Build.0 = Debug|Any CPU
		{A28912F7-2A6B-482D-A4E9-1E264AB17EB4}.Debug|x64.ActiveCfg = Debug|Any CPU
		{A28912F7-2A6B-482D-A4E9-1E264AB17EB4}.Debug|x64.Build.0 = Debug|Any CPU
		{A28912F7-2A6B-482D-A4E9-1E264AB17EB4}.Debug|x86.ActiveCfg = Debug|Any CPU
		{A28912F7-2A6B-482D-A4E9-1E264AB17EB4}.Debug|x86.Build.0 = Debug|Any CPU
		{A28912F7-2A6B-482D-A4E9-1E264AB17EB4}.Release|Any CPU.ActiveCfg = Release|Any CPU
		{A28912F7-2A6B-482D-A4E9-1E264AB17EB4}.Release|Any CPU.Build.0 = Release|Any CPU
		{A28912F7-2A6B-482D-A4E9-1E264AB17EB4}.Release|x64.ActiveCfg = Release|Any CPU
		{A28912F7-2A6B-482D-A4E9-1E264AB17EB4}.Release|x64.Build.0 = Release|Any CPU
		{A28912F7-2A6B-482D-A4E9-1E264AB17EB4}.Release|x86.ActiveCfg = Release|Any CPU
		{A28912F7-2A6B-482D-A4E9-1E264AB17EB4}.Release|x86.Build.0 = Release|Any CPU
		{860832DA-3A50-4408-B5C2-D4D096B00153}.Debug|Any CPU.ActiveCfg = Debug|Any CPU
		{860832DA-3A50-4408-B5C2-D4D096B00153}.Debug|Any CPU.Build.0 = Debug|Any CPU
		{860832DA-3A50-4408-B5C2-D4D096B00153}.Debug|x64.ActiveCfg = Debug|Any CPU
		{860832DA-3A50-4408-B5C2-D4D096B00153}.Debug|x64.Build.0 = Debug|Any CPU
		{860832DA-3A50-4408-B5C2-D4D096B00153}.Debug|x86.ActiveCfg = Debug|Any CPU
		{860832DA-3A50-4408-B5C2-D4D096B00153}.Debug|x86.Build.0 = Debug|Any CPU
		{860832DA-3A50-4408-B5C2-D4D096B00153}.Release|Any CPU.ActiveCfg = Release|Any CPU
		{860832DA-3A50-4408-B5C2-D4D096B00153}.Release|Any CPU.Build.0 = Release|Any CPU
		{860832DA-3A50-4408-B5C2-D4D096B00153}.Release|x64.ActiveCfg = Release|Any CPU
		{860832DA-3A50-4408-B5C2-D4D096B00153}.Release|x64.Build.0 = Release|Any CPU
		{860832DA-3A50-4408-B5C2-D4D096B00153}.Release|x86.ActiveCfg = Release|Any CPU
		{860832DA-3A50-4408-B5C2-D4D096B00153}.Release|x86.Build.0 = Release|Any CPU
		{C26B6A3E-8A4E-4527-BC53-D6CAD2B0F730}.Debug|Any CPU.ActiveCfg = Debug|Any CPU
		{C26B6A3E-8A4E-4527-BC53-D6CAD2B0F730}.Debug|Any CPU.Build.0 = Debug|Any CPU
		{C26B6A3E-8A4E-4527-BC53-D6CAD2B0F730}.Debug|x64.ActiveCfg = Debug|Any CPU
		{C26B6A3E-8A4E-4527-BC53-D6CAD2B0F730}.Debug|x64.Build.0 = Debug|Any CPU
		{C26B6A3E-8A4E-4527-BC53-D6CAD2B0F730}.Debug|x86.ActiveCfg = Debug|Any CPU
		{C26B6A3E-8A4E-4527-BC53-D6CAD2B0F730}.Debug|x86.Build.0 = Debug|Any CPU
		{C26B6A3E-8A4E-4527-BC53-D6CAD2B0F730}.Release|Any CPU.ActiveCfg = Release|Any CPU
		{C26B6A3E-8A4E-4527-BC53-D6CAD2B0F730}.Release|Any CPU.Build.0 = Release|Any CPU
		{C26B6A3E-8A4E-4527-BC53-D6CAD2B0F730}.Release|x64.ActiveCfg = Release|Any CPU
		{C26B6A3E-8A4E-4527-BC53-D6CAD2B0F730}.Release|x64.Build.0 = Release|Any CPU
		{C26B6A3E-8A4E-4527-BC53-D6CAD2B0F730}.Release|x86.ActiveCfg = Release|Any CPU
		{C26B6A3E-8A4E-4527-BC53-D6CAD2B0F730}.Release|x86.Build.0 = Release|Any CPU
		{8DCA066A-ADC7-46BB-B950-47E9D0A52CF9}.Debug|Any CPU.ActiveCfg = Debug|Any CPU
		{8DCA066A-ADC7-46BB-B950-47E9D0A52CF9}.Debug|Any CPU.Build.0 = Debug|Any CPU
		{8DCA066A-ADC7-46BB-B950-47E9D0A52CF9}.Debug|x64.ActiveCfg = Debug|Any CPU
		{8DCA066A-ADC7-46BB-B950-47E9D0A52CF9}.Debug|x64.Build.0 = Debug|Any CPU
		{8DCA066A-ADC7-46BB-B950-47E9D0A52CF9}.Debug|x86.ActiveCfg = Debug|Any CPU
		{8DCA066A-ADC7-46BB-B950-47E9D0A52CF9}.Debug|x86.Build.0 = Debug|Any CPU
		{8DCA066A-ADC7-46BB-B950-47E9D0A52CF9}.Release|Any CPU.ActiveCfg = Release|Any CPU
		{8DCA066A-ADC7-46BB-B950-47E9D0A52CF9}.Release|Any CPU.Build.0 = Release|Any CPU
		{8DCA066A-ADC7-46BB-B950-47E9D0A52CF9}.Release|x64.ActiveCfg = Release|Any CPU
		{8DCA066A-ADC7-46BB-B950-47E9D0A52CF9}.Release|x64.Build.0 = Release|Any CPU
		{8DCA066A-ADC7-46BB-B950-47E9D0A52CF9}.Release|x86.ActiveCfg = Release|Any CPU
		{8DCA066A-ADC7-46BB-B950-47E9D0A52CF9}.Release|x86.Build.0 = Release|Any CPU
		{3BC8ACC6-51CF-4F6E-8D2D-1D97FB37AD85}.Debug|Any CPU.ActiveCfg = Debug|Any CPU
		{3BC8ACC6-51CF-4F6E-8D2D-1D97FB37AD85}.Debug|Any CPU.Build.0 = Debug|Any CPU
		{3BC8ACC6-51CF-4F6E-8D2D-1D97FB37AD85}.Debug|x64.ActiveCfg = Debug|Any CPU
		{3BC8ACC6-51CF-4F6E-8D2D-1D97FB37AD85}.Debug|x64.Build.0 = Debug|Any CPU
		{3BC8ACC6-51CF-4F6E-8D2D-1D97FB37AD85}.Debug|x86.ActiveCfg = Debug|Any CPU
		{3BC8ACC6-51CF-4F6E-8D2D-1D97FB37AD85}.Debug|x86.Build.0 = Debug|Any CPU
		{3BC8ACC6-51CF-4F6E-8D2D-1D97FB37AD85}.Release|Any CPU.ActiveCfg = Release|Any CPU
		{3BC8ACC6-51CF-4F6E-8D2D-1D97FB37AD85}.Release|Any CPU.Build.0 = Release|Any CPU
		{3BC8ACC6-51CF-4F6E-8D2D-1D97FB37AD85}.Release|x64.ActiveCfg = Release|Any CPU
		{3BC8ACC6-51CF-4F6E-8D2D-1D97FB37AD85}.Release|x64.Build.0 = Release|Any CPU
		{3BC8ACC6-51CF-4F6E-8D2D-1D97FB37AD85}.Release|x86.ActiveCfg = Release|Any CPU
		{3BC8ACC6-51CF-4F6E-8D2D-1D97FB37AD85}.Release|x86.Build.0 = Release|Any CPU
		{62B054DA-52C8-49D6-A167-95A5694EE177}.Debug|Any CPU.ActiveCfg = Debug|Any CPU
		{62B054DA-52C8-49D6-A167-95A5694EE177}.Debug|Any CPU.Build.0 = Debug|Any CPU
		{62B054DA-52C8-49D6-A167-95A5694EE177}.Debug|x64.ActiveCfg = Debug|Any CPU
		{62B054DA-52C8-49D6-A167-95A5694EE177}.Debug|x64.Build.0 = Debug|Any CPU
		{62B054DA-52C8-49D6-A167-95A5694EE177}.Debug|x86.ActiveCfg = Debug|Any CPU
		{62B054DA-52C8-49D6-A167-95A5694EE177}.Debug|x86.Build.0 = Debug|Any CPU
		{62B054DA-52C8-49D6-A167-95A5694EE177}.Release|Any CPU.ActiveCfg = Release|Any CPU
		{62B054DA-52C8-49D6-A167-95A5694EE177}.Release|Any CPU.Build.0 = Release|Any CPU
		{62B054DA-52C8-49D6-A167-95A5694EE177}.Release|x64.ActiveCfg = Release|Any CPU
		{62B054DA-52C8-49D6-A167-95A5694EE177}.Release|x64.Build.0 = Release|Any CPU
		{62B054DA-52C8-49D6-A167-95A5694EE177}.Release|x86.ActiveCfg = Release|Any CPU
		{62B054DA-52C8-49D6-A167-95A5694EE177}.Release|x86.Build.0 = Release|Any CPU
		{CD8F7271-C563-41B3-8830-65A0E2E889AC}.Debug|Any CPU.ActiveCfg = Debug|Any CPU
		{CD8F7271-C563-41B3-8830-65A0E2E889AC}.Debug|Any CPU.Build.0 = Debug|Any CPU
		{CD8F7271-C563-41B3-8830-65A0E2E889AC}.Debug|x64.ActiveCfg = Debug|Any CPU
		{CD8F7271-C563-41B3-8830-65A0E2E889AC}.Debug|x64.Build.0 = Debug|Any CPU
		{CD8F7271-C563-41B3-8830-65A0E2E889AC}.Debug|x86.ActiveCfg = Debug|Any CPU
		{CD8F7271-C563-41B3-8830-65A0E2E889AC}.Debug|x86.Build.0 = Debug|Any CPU
		{CD8F7271-C563-41B3-8830-65A0E2E889AC}.Release|Any CPU.ActiveCfg = Release|Any CPU
		{CD8F7271-C563-41B3-8830-65A0E2E889AC}.Release|Any CPU.Build.0 = Release|Any CPU
		{CD8F7271-C563-41B3-8830-65A0E2E889AC}.Release|x64.ActiveCfg = Release|Any CPU
		{CD8F7271-C563-41B3-8830-65A0E2E889AC}.Release|x64.Build.0 = Release|Any CPU
		{CD8F7271-C563-41B3-8830-65A0E2E889AC}.Release|x86.ActiveCfg = Release|Any CPU
		{CD8F7271-C563-41B3-8830-65A0E2E889AC}.Release|x86.Build.0 = Release|Any CPU
		{2DF29A48-D58E-4FDA-A151-FD8E6137EDC0}.Debug|Any CPU.ActiveCfg = Debug|Any CPU
		{2DF29A48-D58E-4FDA-A151-FD8E6137EDC0}.Debug|Any CPU.Build.0 = Debug|Any CPU
		{2DF29A48-D58E-4FDA-A151-FD8E6137EDC0}.Debug|x64.ActiveCfg = Debug|Any CPU
		{2DF29A48-D58E-4FDA-A151-FD8E6137EDC0}.Debug|x64.Build.0 = Debug|Any CPU
		{2DF29A48-D58E-4FDA-A151-FD8E6137EDC0}.Debug|x86.ActiveCfg = Debug|Any CPU
		{2DF29A48-D58E-4FDA-A151-FD8E6137EDC0}.Debug|x86.Build.0 = Debug|Any CPU
		{2DF29A48-D58E-4FDA-A151-FD8E6137EDC0}.Release|Any CPU.ActiveCfg = Release|Any CPU
		{2DF29A48-D58E-4FDA-A151-FD8E6137EDC0}.Release|Any CPU.Build.0 = Release|Any CPU
		{2DF29A48-D58E-4FDA-A151-FD8E6137EDC0}.Release|x64.ActiveCfg = Release|Any CPU
		{2DF29A48-D58E-4FDA-A151-FD8E6137EDC0}.Release|x64.Build.0 = Release|Any CPU
		{2DF29A48-D58E-4FDA-A151-FD8E6137EDC0}.Release|x86.ActiveCfg = Release|Any CPU
		{2DF29A48-D58E-4FDA-A151-FD8E6137EDC0}.Release|x86.Build.0 = Release|Any CPU
		{FB0C8047-71C3-49C1-951B-2C01E6F265F9}.Debug|Any CPU.ActiveCfg = Debug|Any CPU
		{FB0C8047-71C3-49C1-951B-2C01E6F265F9}.Debug|Any CPU.Build.0 = Debug|Any CPU
		{FB0C8047-71C3-49C1-951B-2C01E6F265F9}.Debug|x64.ActiveCfg = Debug|Any CPU
		{FB0C8047-71C3-49C1-951B-2C01E6F265F9}.Debug|x64.Build.0 = Debug|Any CPU
		{FB0C8047-71C3-49C1-951B-2C01E6F265F9}.Debug|x86.ActiveCfg = Debug|Any CPU
		{FB0C8047-71C3-49C1-951B-2C01E6F265F9}.Debug|x86.Build.0 = Debug|Any CPU
		{FB0C8047-71C3-49C1-951B-2C01E6F265F9}.Release|Any CPU.ActiveCfg = Release|Any CPU
		{FB0C8047-71C3-49C1-951B-2C01E6F265F9}.Release|Any CPU.Build.0 = Release|Any CPU
		{FB0C8047-71C3-49C1-951B-2C01E6F265F9}.Release|x64.ActiveCfg = Release|Any CPU
		{FB0C8047-71C3-49C1-951B-2C01E6F265F9}.Release|x64.Build.0 = Release|Any CPU
		{FB0C8047-71C3-49C1-951B-2C01E6F265F9}.Release|x86.ActiveCfg = Release|Any CPU
		{FB0C8047-71C3-49C1-951B-2C01E6F265F9}.Release|x86.Build.0 = Release|Any CPU
		{2DD69D07-0458-4F61-867B-46B6655ABB70}.Debug|Any CPU.ActiveCfg = Debug|Any CPU
		{2DD69D07-0458-4F61-867B-46B6655ABB70}.Debug|Any CPU.Build.0 = Debug|Any CPU
		{2DD69D07-0458-4F61-867B-46B6655ABB70}.Debug|x64.ActiveCfg = Debug|Any CPU
		{2DD69D07-0458-4F61-867B-46B6655ABB70}.Debug|x64.Build.0 = Debug|Any CPU
		{2DD69D07-0458-4F61-867B-46B6655ABB70}.Debug|x86.ActiveCfg = Debug|Any CPU
		{2DD69D07-0458-4F61-867B-46B6655ABB70}.Debug|x86.Build.0 = Debug|Any CPU
		{2DD69D07-0458-4F61-867B-46B6655ABB70}.Release|Any CPU.ActiveCfg = Release|Any CPU
		{2DD69D07-0458-4F61-867B-46B6655ABB70}.Release|Any CPU.Build.0 = Release|Any CPU
		{2DD69D07-0458-4F61-867B-46B6655ABB70}.Release|x64.ActiveCfg = Release|Any CPU
		{2DD69D07-0458-4F61-867B-46B6655ABB70}.Release|x64.Build.0 = Release|Any CPU
		{2DD69D07-0458-4F61-867B-46B6655ABB70}.Release|x86.ActiveCfg = Release|Any CPU
		{2DD69D07-0458-4F61-867B-46B6655ABB70}.Release|x86.Build.0 = Release|Any CPU
		{05822984-5539-4AAE-985F-EBD1BA1DFCE5}.Debug|Any CPU.ActiveCfg = Debug|Any CPU
		{05822984-5539-4AAE-985F-EBD1BA1DFCE5}.Debug|Any CPU.Build.0 = Debug|Any CPU
		{05822984-5539-4AAE-985F-EBD1BA1DFCE5}.Debug|x64.ActiveCfg = Debug|Any CPU
		{05822984-5539-4AAE-985F-EBD1BA1DFCE5}.Debug|x64.Build.0 = Debug|Any CPU
		{05822984-5539-4AAE-985F-EBD1BA1DFCE5}.Debug|x86.ActiveCfg = Debug|Any CPU
		{05822984-5539-4AAE-985F-EBD1BA1DFCE5}.Debug|x86.Build.0 = Debug|Any CPU
		{05822984-5539-4AAE-985F-EBD1BA1DFCE5}.Release|Any CPU.ActiveCfg = Release|Any CPU
		{05822984-5539-4AAE-985F-EBD1BA1DFCE5}.Release|Any CPU.Build.0 = Release|Any CPU
		{05822984-5539-4AAE-985F-EBD1BA1DFCE5}.Release|x64.ActiveCfg = Release|Any CPU
		{05822984-5539-4AAE-985F-EBD1BA1DFCE5}.Release|x64.Build.0 = Release|Any CPU
		{05822984-5539-4AAE-985F-EBD1BA1DFCE5}.Release|x86.ActiveCfg = Release|Any CPU
		{05822984-5539-4AAE-985F-EBD1BA1DFCE5}.Release|x86.Build.0 = Release|Any CPU
		{AB7F8901-87C7-449B-9288-EC46F6435DF4}.Debug|Any CPU.ActiveCfg = Debug|Any CPU
		{AB7F8901-87C7-449B-9288-EC46F6435DF4}.Debug|Any CPU.Build.0 = Debug|Any CPU
		{AB7F8901-87C7-449B-9288-EC46F6435DF4}.Debug|x64.ActiveCfg = Debug|Any CPU
		{AB7F8901-87C7-449B-9288-EC46F6435DF4}.Debug|x64.Build.0 = Debug|Any CPU
		{AB7F8901-87C7-449B-9288-EC46F6435DF4}.Debug|x86.ActiveCfg = Debug|Any CPU
		{AB7F8901-87C7-449B-9288-EC46F6435DF4}.Debug|x86.Build.0 = Debug|Any CPU
		{AB7F8901-87C7-449B-9288-EC46F6435DF4}.Release|Any CPU.ActiveCfg = Release|Any CPU
		{AB7F8901-87C7-449B-9288-EC46F6435DF4}.Release|Any CPU.Build.0 = Release|Any CPU
		{AB7F8901-87C7-449B-9288-EC46F6435DF4}.Release|x64.ActiveCfg = Release|Any CPU
		{AB7F8901-87C7-449B-9288-EC46F6435DF4}.Release|x64.Build.0 = Release|Any CPU
		{AB7F8901-87C7-449B-9288-EC46F6435DF4}.Release|x86.ActiveCfg = Release|Any CPU
		{AB7F8901-87C7-449B-9288-EC46F6435DF4}.Release|x86.Build.0 = Release|Any CPU
		{1547812D-6AC6-47F0-9B7F-86DD91E43752}.Debug|Any CPU.ActiveCfg = Debug|Any CPU
		{1547812D-6AC6-47F0-9B7F-86DD91E43752}.Debug|Any CPU.Build.0 = Debug|Any CPU
		{1547812D-6AC6-47F0-9B7F-86DD91E43752}.Debug|x64.ActiveCfg = Debug|Any CPU
		{1547812D-6AC6-47F0-9B7F-86DD91E43752}.Debug|x64.Build.0 = Debug|Any CPU
		{1547812D-6AC6-47F0-9B7F-86DD91E43752}.Debug|x86.ActiveCfg = Debug|Any CPU
		{1547812D-6AC6-47F0-9B7F-86DD91E43752}.Debug|x86.Build.0 = Debug|Any CPU
		{1547812D-6AC6-47F0-9B7F-86DD91E43752}.Release|Any CPU.ActiveCfg = Release|Any CPU
		{1547812D-6AC6-47F0-9B7F-86DD91E43752}.Release|Any CPU.Build.0 = Release|Any CPU
		{1547812D-6AC6-47F0-9B7F-86DD91E43752}.Release|x64.ActiveCfg = Release|Any CPU
		{1547812D-6AC6-47F0-9B7F-86DD91E43752}.Release|x64.Build.0 = Release|Any CPU
		{1547812D-6AC6-47F0-9B7F-86DD91E43752}.Release|x86.ActiveCfg = Release|Any CPU
		{1547812D-6AC6-47F0-9B7F-86DD91E43752}.Release|x86.Build.0 = Release|Any CPU
		{CE9BAFAF-2D20-4721-BEB5-915DDFD3CC3B}.Debug|Any CPU.ActiveCfg = Debug|Any CPU
		{CE9BAFAF-2D20-4721-BEB5-915DDFD3CC3B}.Debug|Any CPU.Build.0 = Debug|Any CPU
		{CE9BAFAF-2D20-4721-BEB5-915DDFD3CC3B}.Debug|x64.ActiveCfg = Debug|Any CPU
		{CE9BAFAF-2D20-4721-BEB5-915DDFD3CC3B}.Debug|x64.Build.0 = Debug|Any CPU
		{CE9BAFAF-2D20-4721-BEB5-915DDFD3CC3B}.Debug|x86.ActiveCfg = Debug|Any CPU
		{CE9BAFAF-2D20-4721-BEB5-915DDFD3CC3B}.Debug|x86.Build.0 = Debug|Any CPU
		{CE9BAFAF-2D20-4721-BEB5-915DDFD3CC3B}.Release|Any CPU.ActiveCfg = Release|Any CPU
		{CE9BAFAF-2D20-4721-BEB5-915DDFD3CC3B}.Release|Any CPU.Build.0 = Release|Any CPU
		{CE9BAFAF-2D20-4721-BEB5-915DDFD3CC3B}.Release|x64.ActiveCfg = Release|Any CPU
		{CE9BAFAF-2D20-4721-BEB5-915DDFD3CC3B}.Release|x64.Build.0 = Release|Any CPU
		{CE9BAFAF-2D20-4721-BEB5-915DDFD3CC3B}.Release|x86.ActiveCfg = Release|Any CPU
		{CE9BAFAF-2D20-4721-BEB5-915DDFD3CC3B}.Release|x86.Build.0 = Release|Any CPU
		{A7E05B8F-6FA6-4450-9CED-4BED4E37116E}.Debug|Any CPU.ActiveCfg = Debug|Any CPU
		{A7E05B8F-6FA6-4450-9CED-4BED4E37116E}.Debug|Any CPU.Build.0 = Debug|Any CPU
		{A7E05B8F-6FA6-4450-9CED-4BED4E37116E}.Debug|x64.ActiveCfg = Debug|Any CPU
		{A7E05B8F-6FA6-4450-9CED-4BED4E37116E}.Debug|x64.Build.0 = Debug|Any CPU
		{A7E05B8F-6FA6-4450-9CED-4BED4E37116E}.Debug|x86.ActiveCfg = Debug|Any CPU
		{A7E05B8F-6FA6-4450-9CED-4BED4E37116E}.Debug|x86.Build.0 = Debug|Any CPU
		{A7E05B8F-6FA6-4450-9CED-4BED4E37116E}.Release|Any CPU.ActiveCfg = Release|Any CPU
		{A7E05B8F-6FA6-4450-9CED-4BED4E37116E}.Release|Any CPU.Build.0 = Release|Any CPU
		{A7E05B8F-6FA6-4450-9CED-4BED4E37116E}.Release|x64.ActiveCfg = Release|Any CPU
		{A7E05B8F-6FA6-4450-9CED-4BED4E37116E}.Release|x64.Build.0 = Release|Any CPU
		{A7E05B8F-6FA6-4450-9CED-4BED4E37116E}.Release|x86.ActiveCfg = Release|Any CPU
		{A7E05B8F-6FA6-4450-9CED-4BED4E37116E}.Release|x86.Build.0 = Release|Any CPU
		{50CFDBB3-C2D0-4A0C-8984-37EB1CCDC843}.Debug|Any CPU.ActiveCfg = Debug|Any CPU
		{50CFDBB3-C2D0-4A0C-8984-37EB1CCDC843}.Debug|Any CPU.Build.0 = Debug|Any CPU
		{50CFDBB3-C2D0-4A0C-8984-37EB1CCDC843}.Debug|x64.ActiveCfg = Debug|Any CPU
		{50CFDBB3-C2D0-4A0C-8984-37EB1CCDC843}.Debug|x64.Build.0 = Debug|Any CPU
		{50CFDBB3-C2D0-4A0C-8984-37EB1CCDC843}.Debug|x86.ActiveCfg = Debug|Any CPU
		{50CFDBB3-C2D0-4A0C-8984-37EB1CCDC843}.Debug|x86.Build.0 = Debug|Any CPU
		{50CFDBB3-C2D0-4A0C-8984-37EB1CCDC843}.Release|Any CPU.ActiveCfg = Release|Any CPU
		{50CFDBB3-C2D0-4A0C-8984-37EB1CCDC843}.Release|Any CPU.Build.0 = Release|Any CPU
		{50CFDBB3-C2D0-4A0C-8984-37EB1CCDC843}.Release|x64.ActiveCfg = Release|Any CPU
		{50CFDBB3-C2D0-4A0C-8984-37EB1CCDC843}.Release|x64.Build.0 = Release|Any CPU
		{50CFDBB3-C2D0-4A0C-8984-37EB1CCDC843}.Release|x86.ActiveCfg = Release|Any CPU
		{50CFDBB3-C2D0-4A0C-8984-37EB1CCDC843}.Release|x86.Build.0 = Release|Any CPU
		{16255E1B-B9B0-4057-A6D7-92D77645A4C2}.Debug|Any CPU.ActiveCfg = Debug|Any CPU
		{16255E1B-B9B0-4057-A6D7-92D77645A4C2}.Debug|Any CPU.Build.0 = Debug|Any CPU
		{16255E1B-B9B0-4057-A6D7-92D77645A4C2}.Debug|x64.ActiveCfg = Debug|Any CPU
		{16255E1B-B9B0-4057-A6D7-92D77645A4C2}.Debug|x64.Build.0 = Debug|Any CPU
		{16255E1B-B9B0-4057-A6D7-92D77645A4C2}.Debug|x86.ActiveCfg = Debug|Any CPU
		{16255E1B-B9B0-4057-A6D7-92D77645A4C2}.Debug|x86.Build.0 = Debug|Any CPU
		{16255E1B-B9B0-4057-A6D7-92D77645A4C2}.Release|Any CPU.ActiveCfg = Release|Any CPU
		{16255E1B-B9B0-4057-A6D7-92D77645A4C2}.Release|Any CPU.Build.0 = Release|Any CPU
		{16255E1B-B9B0-4057-A6D7-92D77645A4C2}.Release|x64.ActiveCfg = Release|Any CPU
		{16255E1B-B9B0-4057-A6D7-92D77645A4C2}.Release|x64.Build.0 = Release|Any CPU
		{16255E1B-B9B0-4057-A6D7-92D77645A4C2}.Release|x86.ActiveCfg = Release|Any CPU
		{16255E1B-B9B0-4057-A6D7-92D77645A4C2}.Release|x86.Build.0 = Release|Any CPU
		{33C7A8CC-93BF-4569-A19F-82748085E8DF}.Debug|Any CPU.ActiveCfg = Debug|Any CPU
		{33C7A8CC-93BF-4569-A19F-82748085E8DF}.Debug|Any CPU.Build.0 = Debug|Any CPU
		{33C7A8CC-93BF-4569-A19F-82748085E8DF}.Debug|x64.ActiveCfg = Debug|Any CPU
		{33C7A8CC-93BF-4569-A19F-82748085E8DF}.Debug|x64.Build.0 = Debug|Any CPU
		{33C7A8CC-93BF-4569-A19F-82748085E8DF}.Debug|x86.ActiveCfg = Debug|Any CPU
		{33C7A8CC-93BF-4569-A19F-82748085E8DF}.Debug|x86.Build.0 = Debug|Any CPU
		{33C7A8CC-93BF-4569-A19F-82748085E8DF}.Release|Any CPU.ActiveCfg = Release|Any CPU
		{33C7A8CC-93BF-4569-A19F-82748085E8DF}.Release|Any CPU.Build.0 = Release|Any CPU
		{33C7A8CC-93BF-4569-A19F-82748085E8DF}.Release|x64.ActiveCfg = Release|Any CPU
		{33C7A8CC-93BF-4569-A19F-82748085E8DF}.Release|x64.Build.0 = Release|Any CPU
		{33C7A8CC-93BF-4569-A19F-82748085E8DF}.Release|x86.ActiveCfg = Release|Any CPU
		{33C7A8CC-93BF-4569-A19F-82748085E8DF}.Release|x86.Build.0 = Release|Any CPU
		{DAA1159B-0536-4233-88B5-D14092B999D1}.Debug|Any CPU.ActiveCfg = Debug|Any CPU
		{DAA1159B-0536-4233-88B5-D14092B999D1}.Debug|Any CPU.Build.0 = Debug|Any CPU
		{DAA1159B-0536-4233-88B5-D14092B999D1}.Debug|x64.ActiveCfg = Debug|Any CPU
		{DAA1159B-0536-4233-88B5-D14092B999D1}.Debug|x64.Build.0 = Debug|Any CPU
		{DAA1159B-0536-4233-88B5-D14092B999D1}.Debug|x86.ActiveCfg = Debug|Any CPU
		{DAA1159B-0536-4233-88B5-D14092B999D1}.Debug|x86.Build.0 = Debug|Any CPU
		{DAA1159B-0536-4233-88B5-D14092B999D1}.Release|Any CPU.ActiveCfg = Release|Any CPU
		{DAA1159B-0536-4233-88B5-D14092B999D1}.Release|Any CPU.Build.0 = Release|Any CPU
		{DAA1159B-0536-4233-88B5-D14092B999D1}.Release|x64.ActiveCfg = Release|Any CPU
		{DAA1159B-0536-4233-88B5-D14092B999D1}.Release|x64.Build.0 = Release|Any CPU
		{DAA1159B-0536-4233-88B5-D14092B999D1}.Release|x86.ActiveCfg = Release|Any CPU
		{DAA1159B-0536-4233-88B5-D14092B999D1}.Release|x86.Build.0 = Release|Any CPU
		{9C32E3A7-C233-4ABD-916D-EB1A07D3A6D5}.Debug|Any CPU.ActiveCfg = Debug|Any CPU
		{9C32E3A7-C233-4ABD-916D-EB1A07D3A6D5}.Debug|Any CPU.Build.0 = Debug|Any CPU
		{9C32E3A7-C233-4ABD-916D-EB1A07D3A6D5}.Debug|x64.ActiveCfg = Debug|Any CPU
		{9C32E3A7-C233-4ABD-916D-EB1A07D3A6D5}.Debug|x64.Build.0 = Debug|Any CPU
		{9C32E3A7-C233-4ABD-916D-EB1A07D3A6D5}.Debug|x86.ActiveCfg = Debug|Any CPU
		{9C32E3A7-C233-4ABD-916D-EB1A07D3A6D5}.Debug|x86.Build.0 = Debug|Any CPU
		{9C32E3A7-C233-4ABD-916D-EB1A07D3A6D5}.Release|Any CPU.ActiveCfg = Release|Any CPU
		{9C32E3A7-C233-4ABD-916D-EB1A07D3A6D5}.Release|Any CPU.Build.0 = Release|Any CPU
		{9C32E3A7-C233-4ABD-916D-EB1A07D3A6D5}.Release|x64.ActiveCfg = Release|Any CPU
		{9C32E3A7-C233-4ABD-916D-EB1A07D3A6D5}.Release|x64.Build.0 = Release|Any CPU
		{9C32E3A7-C233-4ABD-916D-EB1A07D3A6D5}.Release|x86.ActiveCfg = Release|Any CPU
		{9C32E3A7-C233-4ABD-916D-EB1A07D3A6D5}.Release|x86.Build.0 = Release|Any CPU
		{9B365760-E8FA-4C57-B6EE-07BE9BDE4823}.Debug|Any CPU.ActiveCfg = Debug|Any CPU
		{9B365760-E8FA-4C57-B6EE-07BE9BDE4823}.Debug|Any CPU.Build.0 = Debug|Any CPU
		{9B365760-E8FA-4C57-B6EE-07BE9BDE4823}.Debug|x64.ActiveCfg = Debug|Any CPU
		{9B365760-E8FA-4C57-B6EE-07BE9BDE4823}.Debug|x64.Build.0 = Debug|Any CPU
		{9B365760-E8FA-4C57-B6EE-07BE9BDE4823}.Debug|x86.ActiveCfg = Debug|Any CPU
		{9B365760-E8FA-4C57-B6EE-07BE9BDE4823}.Debug|x86.Build.0 = Debug|Any CPU
		{9B365760-E8FA-4C57-B6EE-07BE9BDE4823}.Release|Any CPU.ActiveCfg = Release|Any CPU
		{9B365760-E8FA-4C57-B6EE-07BE9BDE4823}.Release|Any CPU.Build.0 = Release|Any CPU
		{9B365760-E8FA-4C57-B6EE-07BE9BDE4823}.Release|x64.ActiveCfg = Release|Any CPU
		{9B365760-E8FA-4C57-B6EE-07BE9BDE4823}.Release|x64.Build.0 = Release|Any CPU
		{9B365760-E8FA-4C57-B6EE-07BE9BDE4823}.Release|x86.ActiveCfg = Release|Any CPU
		{9B365760-E8FA-4C57-B6EE-07BE9BDE4823}.Release|x86.Build.0 = Release|Any CPU
		{A0AA7E87-1DA2-4A18-88A2-A534F65711D7}.Debug|Any CPU.ActiveCfg = Debug|Any CPU
		{A0AA7E87-1DA2-4A18-88A2-A534F65711D7}.Debug|Any CPU.Build.0 = Debug|Any CPU
		{A0AA7E87-1DA2-4A18-88A2-A534F65711D7}.Debug|x64.ActiveCfg = Debug|Any CPU
		{A0AA7E87-1DA2-4A18-88A2-A534F65711D7}.Debug|x64.Build.0 = Debug|Any CPU
		{A0AA7E87-1DA2-4A18-88A2-A534F65711D7}.Debug|x86.ActiveCfg = Debug|Any CPU
		{A0AA7E87-1DA2-4A18-88A2-A534F65711D7}.Debug|x86.Build.0 = Debug|Any CPU
		{A0AA7E87-1DA2-4A18-88A2-A534F65711D7}.Release|Any CPU.ActiveCfg = Release|Any CPU
		{A0AA7E87-1DA2-4A18-88A2-A534F65711D7}.Release|Any CPU.Build.0 = Release|Any CPU
		{A0AA7E87-1DA2-4A18-88A2-A534F65711D7}.Release|x64.ActiveCfg = Release|Any CPU
		{A0AA7E87-1DA2-4A18-88A2-A534F65711D7}.Release|x64.Build.0 = Release|Any CPU
		{A0AA7E87-1DA2-4A18-88A2-A534F65711D7}.Release|x86.ActiveCfg = Release|Any CPU
		{A0AA7E87-1DA2-4A18-88A2-A534F65711D7}.Release|x86.Build.0 = Release|Any CPU
	EndGlobalSection
	GlobalSection(NestedProjects) = preSolution
		{08C5069A-2B9F-45AA-9785-0AA954AB6EC3} = {1408D8FE-565B-403D-A585-85C1582E030A}
		{A28912F7-2A6B-482D-A4E9-1E264AB17EB4} = {1408D8FE-565B-403D-A585-85C1582E030A}
		{860832DA-3A50-4408-B5C2-D4D096B00153} = {1408D8FE-565B-403D-A585-85C1582E030A}
		{CD8F7271-C563-41B3-8830-65A0E2E889AC} = {1408D8FE-565B-403D-A585-85C1582E030A}
		{2DF29A48-D58E-4FDA-A151-FD8E6137EDC0} = {1408D8FE-565B-403D-A585-85C1582E030A}
		{FB0C8047-71C3-49C1-951B-2C01E6F265F9} = {1408D8FE-565B-403D-A585-85C1582E030A}
		{2DD69D07-0458-4F61-867B-46B6655ABB70} = {1408D8FE-565B-403D-A585-85C1582E030A}
		{05822984-5539-4AAE-985F-EBD1BA1DFCE5} = {1408D8FE-565B-403D-A585-85C1582E030A}
		{AB7F8901-87C7-449B-9288-EC46F6435DF4} = {1408D8FE-565B-403D-A585-85C1582E030A}
		{1547812D-6AC6-47F0-9B7F-86DD91E43752} = {1408D8FE-565B-403D-A585-85C1582E030A}
		{CE9BAFAF-2D20-4721-BEB5-915DDFD3CC3B} = {1408D8FE-565B-403D-A585-85C1582E030A}
		{A7E05B8F-6FA6-4450-9CED-4BED4E37116E} = {1408D8FE-565B-403D-A585-85C1582E030A}
		{50CFDBB3-C2D0-4A0C-8984-37EB1CCDC843} = {1408D8FE-565B-403D-A585-85C1582E030A}
		{16255E1B-B9B0-4057-A6D7-92D77645A4C2} = {1408D8FE-565B-403D-A585-85C1582E030A}
		{33C7A8CC-93BF-4569-A19F-82748085E8DF} = {1408D8FE-565B-403D-A585-85C1582E030A}
		{DAA1159B-0536-4233-88B5-D14092B999D1} = {1408D8FE-565B-403D-A585-85C1582E030A}
		{9C32E3A7-C233-4ABD-916D-EB1A07D3A6D5} = {1408D8FE-565B-403D-A585-85C1582E030A}
		{F6A6D708-1455-4CE7-A5A8-E64CF2C74AC4} = {1408D8FE-565B-403D-A585-85C1582E030A}
		{9B365760-E8FA-4C57-B6EE-07BE9BDE4823} = {F6A6D708-1455-4CE7-A5A8-E64CF2C74AC4}
		{A0AA7E87-1DA2-4A18-88A2-A534F65711D7} = {F6A6D708-1455-4CE7-A5A8-E64CF2C74AC4}
	EndGlobalSection
EndGlobal
